{
  "originHash" : "585a00d5080f62c28c06ccaec95d47b3748dfe2a9ff9e90036bdb8a35024e151",
  "pins" : [
    {
      "identity" : "swift-package-manager-google-mobile-ads",
      "kind" : "remoteSourceControl",
      "location" : "https://github.com/googleads/swift-package-manager-google-mobile-ads.git",
      "state" : {
        "revision" : "6457f9651bea0d62a548ac63fa9d34aae7d0488e",
        "version" : "11.7.0"
      }
    },
    {
      "identity" : "swift-package-manager-google-user-messaging-platform",
      "kind" : "remoteSourceControl",
      "location" : "https://github.com/googleads/swift-package-manager-google-user-messaging-platform.git",
      "state" : {
        "revision" : "459949af1286c12487a6efd76f00f3e9d951c9ba",
        "version" : "2.5.0"
      }
    }
  ],
  "version" : 3
}
