// !$*UTF8*$!
{
	archiveVersion = 1;
	classes = {
	};
	objectVersion = 56;
	objects = {

/* Begin PBXBuildFile section */
		7F01F4E52BFEEFEB009B78BD /* WeatherRepository.swift in Sources */ = {isa = PBXBuildFile; fileRef = 7F01F4E42BFEEFEB009B78BD /* WeatherRepository.swift */; };
		7F04D1582CE1096E000813D4 /* Swinject-Dynamic in Frameworks */ = {isa = PBXBuildFile; productRef = 7F04D1572CE1096E000813D4 /* Swinject-Dynamic */; };
		7F04D15A2CE1096E000813D4 /* Swinject-Dynamic in Embed Frameworks */ = {isa = PBXBuildFile; productRef = 7F04D1572CE1096E000813D4 /* Swinject-Dynamic */; settings = {ATTRIBUTES = (CodeSignOnCopy, ); }; };
		7F1672E52CEC1DB400C25110 /* MockRouter.swift in Sources */ = {isa = PBXBuildFile; fileRef = 7F1672E42CEC1DB400C25110 /* MockRouter.swift */; };
		7F1672E72CEC21AA00C25110 /* Swinject-Dynamic in Frameworks */ = {isa = PBXBuildFile; productRef = 7F1672E62CEC21AA00C25110 /* Swinject-Dynamic */; };
		7F1672E82CEC21AA00C25110 /* Swinject-Dynamic in Embed Frameworks */ = {isa = PBXBuildFile; productRef = 7F1672E62CEC21AA00C25110 /* Swinject-Dynamic */; settings = {ATTRIBUTES = (CodeSignOnCopy, ); }; };
		7F1672F62CEDC3B800C25110 /* DataImageView.swift in Sources */ = {isa = PBXBuildFile; fileRef = 7F1672F52CEDC3B800C25110 /* DataImageView.swift */; };
		7F290C1B2CE59EC4001B9CBD /* TodayRouter.swift in Sources */ = {isa = PBXBuildFile; fileRef = 7F290C1A2CE59EC4001B9CBD /* TodayRouter.swift */; };
		7F290C232CE72AA8001B9CBD /* SettingRouter.swift in Sources */ = {isa = PBXBuildFile; fileRef = 7F290C222CE72AA8001B9CBD /* SettingRouter.swift */; };
		7F290C272CE843DF001B9CBD /* Routing.swift in Sources */ = {isa = PBXBuildFile; fileRef = 7F290C262CE843DF001B9CBD /* Routing.swift */; };
		7F3075142C5CB359006FF502 /* UserSetting.swift in Sources */ = {isa = PBXBuildFile; fileRef = 7F3075132C5CB359006FF502 /* UserSetting.swift */; };
		7F3075162C5DB48D006FF502 /* TodayForecast.swift in Sources */ = {isa = PBXBuildFile; fileRef = 7F3075152C5DB48D006FF502 /* TodayForecast.swift */; };
		7F3510F12C3E5251003612F6 /* PHAsset+Extension.swift in Sources */ = {isa = PBXBuildFile; fileRef = 7F3510F02C3E5251003612F6 /* PHAsset+Extension.swift */; };
		7F35116F2C42040A003612F6 /* PhotosService+Predicate.swift in Sources */ = {isa = PBXBuildFile; fileRef = 7F35116E2C42040A003612F6 /* PhotosService+Predicate.swift */; };
		7F3B76862C0D6F9C001ECDDB /* PhotosAuthStatus.swift in Sources */ = {isa = PBXBuildFile; fileRef = 7F3B76852C0D6F9C001ECDDB /* PhotosAuthStatus.swift */; };
		7F3DD5922D2FBCA200E1A9CC /* DetailsRootView.swift in Sources */ = {isa = PBXBuildFile; fileRef = 7F3DD5912D2FBCA200E1A9CC /* DetailsRootView.swift */; };
		7F3DD5942D2FBCCA00E1A9CC /* DetailsModel.swift in Sources */ = {isa = PBXBuildFile; fileRef = 7F3DD5932D2FBCCA00E1A9CC /* DetailsModel.swift */; };
		7F3DD5962D30D69D00E1A9CC /* View+Text.swift in Sources */ = {isa = PBXBuildFile; fileRef = 7F3DD5952D30D69D00E1A9CC /* View+Text.swift */; };
		7F3DD5982D30E4B300E1A9CC /* DetailsViewController.swift in Sources */ = {isa = PBXBuildFile; fileRef = 7F3DD5972D30E4B300E1A9CC /* DetailsViewController.swift */; };
		7F3DD59A2D312F6300E1A9CC /* DetailsRouter.swift in Sources */ = {isa = PBXBuildFile; fileRef = 7F3DD5992D312F6300E1A9CC /* DetailsRouter.swift */; };
		7F42E20E2D376751008523FC /* UIColor+GradientEffect.swift in Sources */ = {isa = PBXBuildFile; fileRef = 7F42E20D2D376751008523FC /* UIColor+GradientEffect.swift */; };
		7F457B682CA29EC100F485D1 /* LocationFetcher.swift in Sources */ = {isa = PBXBuildFile; fileRef = 7F457B672CA29EC100F485D1 /* LocationFetcher.swift */; };
		7F4F8D282C058CAF007B9F74 /* TodayViewControllerTests.swift in Sources */ = {isa = PBXBuildFile; fileRef = 7F4F8D272C058CAF007B9F74 /* TodayViewControllerTests.swift */; };
		7F51033E2D1F9DFE001E5F4B /* TodayRootView.swift in Sources */ = {isa = PBXBuildFile; fileRef = 7F51033D2D1F9DFE001E5F4B /* TodayRootView.swift */; };
		7F5103402D1FB87B001E5F4B /* View+DebugBorder.swift in Sources */ = {isa = PBXBuildFile; fileRef = 7F51033F2D1FB87B001E5F4B /* View+DebugBorder.swift */; };
		7F5103422D226667001E5F4B /* Date+Style.swift in Sources */ = {isa = PBXBuildFile; fileRef = 7F5103412D226667001E5F4B /* Date+Style.swift */; };
		7F5E0FBF2D4070F900BA99DD /* TodayWeatherInteractorTests.swift in Sources */ = {isa = PBXBuildFile; fileRef = 7F5E0FBE2D4070F900BA99DD /* TodayWeatherInteractorTests.swift */; };
		7F5E0FC12D40806800BA99DD /* CurrentlyWeather+Stub.swift in Sources */ = {isa = PBXBuildFile; fileRef = 7F5E0FC02D40806800BA99DD /* CurrentlyWeather+Stub.swift */; };
		7F5E0FC42D40809E00BA99DD /* HourlyWeather+Stub.swift in Sources */ = {isa = PBXBuildFile; fileRef = 7F5E0FC32D40809E00BA99DD /* HourlyWeather+Stub.swift */; };
		7F5E0FC62D40857000BA99DD /* DailyWeather+Stub.swift in Sources */ = {isa = PBXBuildFile; fileRef = 7F5E0FC52D40857000BA99DD /* DailyWeather+Stub.swift */; };
		7F60208F2C58B8DE001C8D26 /* SettingViewController.swift in Sources */ = {isa = PBXBuildFile; fileRef = 7F60208E2C58B8DE001C8D26 /* SettingViewController.swift */; };
		7F6020932C59E23D001C8D26 /* SettingRootView.swift in Sources */ = {isa = PBXBuildFile; fileRef = 7F6020922C59E23D001C8D26 /* SettingRootView.swift */; };
		7F61F6862CA3E44500CD2DE1 /* CLLocationManger+LocationFetcherDelegate.swift in Sources */ = {isa = PBXBuildFile; fileRef = 7F61F6852CA3E44500CD2DE1 /* CLLocationManger+LocationFetcherDelegate.swift */; };
		7F6341872C86BF2400839E0E /* TodayInteractor.swift in Sources */ = {isa = PBXBuildFile; fileRef = 7F6341862C86BF2400839E0E /* TodayInteractor.swift */; };
		7F6936762CC2465800106C27 /* TodayInteractorTests.swift in Sources */ = {isa = PBXBuildFile; fileRef = 7F6936752CC2465800106C27 /* TodayInteractorTests.swift */; };
		7F6A0F262C4CA5270069925C /* HourlyWeather.swift in Sources */ = {isa = PBXBuildFile; fileRef = 7F6A0F252C4CA5270069925C /* HourlyWeather.swift */; };
		7F6A0F282C4CA5720069925C /* DailyWeather.swift in Sources */ = {isa = PBXBuildFile; fileRef = 7F6A0F272C4CA5720069925C /* DailyWeather.swift */; };
		7F6A0F2A2C4CA5B20069925C /* Measurement<UnitTemperature>+Rouded.swift in Sources */ = {isa = PBXBuildFile; fileRef = 7F6A0F292C4CA5B20069925C /* Measurement<UnitTemperature>+Rouded.swift */; };
		7F6A0F372C520F540069925C /* TodayViewController.swift in Sources */ = {isa = PBXBuildFile; fileRef = 7F6A0F322C520F2B0069925C /* TodayViewController.swift */; };
		7F6A0F392C520F5A0069925C /* TodayModel.swift in Sources */ = {isa = PBXBuildFile; fileRef = 7F6A0F302C520F2B0069925C /* TodayModel.swift */; };
		7F6A0F3A2C520F5C0069925C /* ViewController.swift in Sources */ = {isa = PBXBuildFile; fileRef = 7F6A0F352C520F2B0069925C /* ViewController.swift */; };
		7F6A0F3C2C520FA40069925C /* WeatherOutfitView.swift in Sources */ = {isa = PBXBuildFile; fileRef = 7F6A0F3B2C520FA40069925C /* WeatherOutfitView.swift */; };
		7F6A0F402C5344150069925C /* GoogleService-Info.plist in Resources */ = {isa = PBXBuildFile; fileRef = 7F6A0F3F2C5344150069925C /* GoogleService-Info.plist */; };
		7F6A0F4D2C538E630069925C /* GoogleAdBannerViewController.swift in Sources */ = {isa = PBXBuildFile; fileRef = 7F6A0F4C2C538E630069925C /* GoogleAdBannerViewController.swift */; };
		7F70632B2CD1FA5F0025CEE3 /* CLLocation+Name.swift in Sources */ = {isa = PBXBuildFile; fileRef = 7F70632A2CD1FA5F0025CEE3 /* CLLocation+Name.swift */; };
		7F929F332C1D5362001F48E7 /* WeatherRepositorySpy.swift in Sources */ = {isa = PBXBuildFile; fileRef = 7F929F322C1D5362001F48E7 /* WeatherRepositorySpy.swift */; };
		7F929F362C1D67A0001F48E7 /* WeatherOfLocation.swift in Sources */ = {isa = PBXBuildFile; fileRef = 7F929F352C1D67A0001F48E7 /* WeatherOfLocation.swift */; };
		7FA27BD52BECDB5900BDB1A9 /* AppDelegate.swift in Sources */ = {isa = PBXBuildFile; fileRef = 7FA27BD42BECDB5900BDB1A9 /* AppDelegate.swift */; };
		7FA27BD72BECDB5900BDB1A9 /* SceneDelegate.swift in Sources */ = {isa = PBXBuildFile; fileRef = 7FA27BD62BECDB5900BDB1A9 /* SceneDelegate.swift */; };
		7FA27BDE2BECDB5A00BDB1A9 /* Assets.xcassets in Resources */ = {isa = PBXBuildFile; fileRef = 7FA27BDD2BECDB5A00BDB1A9 /* Assets.xcassets */; };
		7FA27BE12BECDB5A00BDB1A9 /* LaunchScreen.storyboard in Resources */ = {isa = PBXBuildFile; fileRef = 7FA27BDF2BECDB5A00BDB1A9 /* LaunchScreen.storyboard */; };
		7FA27BF62BECDB5B00BDB1A9 /* LookbookUITests.swift in Sources */ = {isa = PBXBuildFile; fileRef = 7FA27BF52BECDB5B00BDB1A9 /* LookbookUITests.swift */; };
		7FA27BF82BECDB5B00BDB1A9 /* LookbookUITestsLaunchTests.swift in Sources */ = {isa = PBXBuildFile; fileRef = 7FA27BF72BECDB5B00BDB1A9 /* LookbookUITestsLaunchTests.swift */; };
		7FA623F82C995E3A0090E282 /* LocationServiceState.swift in Sources */ = {isa = PBXBuildFile; fileRef = 7FA623F72C995E3A0090E282 /* LocationServiceState.swift */; };
		7FB11E412C5888D000A47321 /* OutfitV1.mlmodel in Sources */ = {isa = PBXBuildFile; fileRef = 7FB11E402C5888D000A47321 /* OutfitV1.mlmodel */; };
		7FB2D7E72BF483EC001BA4FB /* PhotosService.swift in Sources */ = {isa = PBXBuildFile; fileRef = 7FB2D7E62BF483EC001BA4FB /* PhotosService.swift */; };
		7FB2D7F02BF6F771001BA4FB /* OutfitImagePredictor.swift in Sources */ = {isa = PBXBuildFile; fileRef = 7FB2D7EF2BF6F771001BA4FB /* OutfitImagePredictor.swift */; };
		7FB5C2A62C3252A20061C763 /* PhotosServiceTests.swift in Sources */ = {isa = PBXBuildFile; fileRef = 7FB5C2A52C3252A20061C763 /* PhotosServiceTests.swift */; };
		7FB673C92C44B28C009DFDB8 /* PhotosWorker.swift in Sources */ = {isa = PBXBuildFile; fileRef = 7FB673C82C44B28C009DFDB8 /* PhotosWorker.swift */; };
		7FB673CE2C46AED9009DFDB8 /* OutfitPhoto.swift in Sources */ = {isa = PBXBuildFile; fileRef = 7FB673CD2C46AED9009DFDB8 /* OutfitPhoto.swift */; };
		7FC02EB52BFB063700217CAE /* sample_image.JPG in Resources */ = {isa = PBXBuildFile; fileRef = 7FC02EB42BFB063700217CAE /* sample_image.JPG */; };
		7FC7587A2C5B3C2F0080D523 /* UserDefault+Wrapper.swift in Sources */ = {isa = PBXBuildFile; fileRef = 7FC758792C5B3C2F0080D523 /* UserDefault+Wrapper.swift */; };
		7FC7B9DB2C003B0B00558C51 /* CoreLocationService.swift in Sources */ = {isa = PBXBuildFile; fileRef = 7FC7B9DA2C003B0B00558C51 /* CoreLocationService.swift */; };
		7FC95D172C952B0D00276FD6 /* LocationServiceTests.swift in Sources */ = {isa = PBXBuildFile; fileRef = 7FC95D162C952B0D00276FD6 /* LocationServiceTests.swift */; };
		7FDFAE662C7C29A100916B7E /* Date+Strings.swift in Sources */ = {isa = PBXBuildFile; fileRef = 7FDFAE652C7C29A100916B7E /* Date+Strings.swift */; };
		7FDFAE682C7C29CB00916B7E /* Date+IsEqual.swift in Sources */ = {isa = PBXBuildFile; fileRef = 7FDFAE672C7C29CB00916B7E /* Date+IsEqual.swift */; };
		7FE1A65B2D3E2DF90051A400 /* DIContainer.swift in Sources */ = {isa = PBXBuildFile; fileRef = 7FE1A65A2D3E2DF90051A400 /* DIContainer.swift */; };
		7FE1A65D2D3E4C720051A400 /* TodayWeatherInteractor.swift in Sources */ = {isa = PBXBuildFile; fileRef = 7FE1A65C2D3E4C720051A400 /* TodayWeatherInteractor.swift */; };
		7FE3BA252D1145E700918655 /* LastYearOutfitGridView.swift in Sources */ = {isa = PBXBuildFile; fileRef = 7FE3BA242D1145E700918655 /* LastYearOutfitGridView.swift */; };
		7FE3BA2B2D13D6FC00918655 /* Date+LastYear.swift in Sources */ = {isa = PBXBuildFile; fileRef = 7FE3BA2A2D13D6FC00918655 /* Date+LastYear.swift */; };
		7FE8DE162D3CB1DD000E6571 /* TodayWeatherViewController.swift in Sources */ = {isa = PBXBuildFile; fileRef = 7FE8DE152D3CB1DD000E6571 /* TodayWeatherViewController.swift */; };
		7FE8DE182D3CB208000E6571 /* TodayWeatherRootView.swift in Sources */ = {isa = PBXBuildFile; fileRef = 7FE8DE172D3CB208000E6571 /* TodayWeatherRootView.swift */; };
		7FE8DE1A2D3CB215000E6571 /* TodayWeatherModel.swift in Sources */ = {isa = PBXBuildFile; fileRef = 7FE8DE192D3CB215000E6571 /* TodayWeatherModel.swift */; };
		7FEA55A72C100812008F7B4A /* LocationAuthStatus.swift in Sources */ = {isa = PBXBuildFile; fileRef = 7FEA55A62C100812008F7B4A /* LocationAuthStatus.swift */; };
		7FEC5A382C23F78F00505636 /* CurrentlyWeather.swift in Sources */ = {isa = PBXBuildFile; fileRef = 7FEC5A372C23F78F00505636 /* CurrentlyWeather.swift */; };
		7FF2F16A2C548FE40076F2C2 /* GoogleAdBannerView.swift in Sources */ = {isa = PBXBuildFile; fileRef = 7FF2F1692C548FE40076F2C2 /* GoogleAdBannerView.swift */; };
		7FF8294B2D40E3910076A515 /* PhotosWorkerSpy.swift in Sources */ = {isa = PBXBuildFile; fileRef = 7FF8294A2D40E3910076A515 /* PhotosWorkerSpy.swift */; };
		7FF8294D2D40E43E0076A515 /* LocationServiceSpy.swift in Sources */ = {isa = PBXBuildFile; fileRef = 7FF8294C2D40E43E0076A515 /* LocationServiceSpy.swift */; };
		7FF829502D40F9130076A515 /* CLLocation+Place.swift in Sources */ = {isa = PBXBuildFile; fileRef = 7FF8294F2D40F9130076A515 /* CLLocation+Place.swift */; };
		7FF9E4F52CB7A2F700A738FE /* PhotosWorkerState.swift in Sources */ = {isa = PBXBuildFile; fileRef = 7FF9E4F42CB7A2F700A738FE /* PhotosWorkerState.swift */; };
/* End PBXBuildFile section */

/* Begin PBXContainerItemProxy section */
		7FA27BE82BECDB5B00BDB1A9 /* PBXContainerItemProxy */ = {
			isa = PBXContainerItemProxy;
			containerPortal = 7FA27BC92BECDB5900BDB1A9 /* Project object */;
			proxyType = 1;
			remoteGlobalIDString = 7FA27BD02BECDB5900BDB1A9;
			remoteInfo = Lookbook;
		};
		7FA27BF22BECDB5B00BDB1A9 /* PBXContainerItemProxy */ = {
			isa = PBXContainerItemProxy;
			containerPortal = 7FA27BC92BECDB5900BDB1A9 /* Project object */;
			proxyType = 1;
			remoteGlobalIDString = 7FA27BD02BECDB5900BDB1A9;
			remoteInfo = Lookbook;
		};
/* End PBXContainerItemProxy section */

/* Begin PBXCopyFilesBuildPhase section */
		7F04D1592CE1096E000813D4 /* Embed Frameworks */ = {
			isa = PBXCopyFilesBuildPhase;
			buildActionMask = 2147483647;
			dstPath = "";
			dstSubfolderSpec = 10;
			files = (
				7F04D15A2CE1096E000813D4 /* Swinject-Dynamic in Embed Frameworks */,
			);
			name = "Embed Frameworks";
			runOnlyForDeploymentPostprocessing = 0;
		};
		7F1672E92CEC21AA00C25110 /* Embed Frameworks */ = {
			isa = PBXCopyFilesBuildPhase;
			buildActionMask = 2147483647;
			dstPath = "";
			dstSubfolderSpec = 10;
			files = (
				7F1672E82CEC21AA00C25110 /* Swinject-Dynamic in Embed Frameworks */,
			);
			name = "Embed Frameworks";
			runOnlyForDeploymentPostprocessing = 0;
		};
/* End PBXCopyFilesBuildPhase section */

/* Begin PBXFileReference section */
		7F01F4E42BFEEFEB009B78BD /* WeatherRepository.swift */ = {isa = PBXFileReference; lastKnownFileType = sourcecode.swift; path = WeatherRepository.swift; sourceTree = "<group>"; };
		7F1672E42CEC1DB400C25110 /* MockRouter.swift */ = {isa = PBXFileReference; lastKnownFileType = sourcecode.swift; path = MockRouter.swift; sourceTree = "<group>"; };
		7F1672F52CEDC3B800C25110 /* DataImageView.swift */ = {isa = PBXFileReference; lastKnownFileType = sourcecode.swift; path = DataImageView.swift; sourceTree = "<group>"; };
		7F290C1A2CE59EC4001B9CBD /* TodayRouter.swift */ = {isa = PBXFileReference; lastKnownFileType = sourcecode.swift; path = TodayRouter.swift; sourceTree = "<group>"; };
		7F290C222CE72AA8001B9CBD /* SettingRouter.swift */ = {isa = PBXFileReference; lastKnownFileType = sourcecode.swift; path = SettingRouter.swift; sourceTree = "<group>"; };
		7F290C262CE843DF001B9CBD /* Routing.swift */ = {isa = PBXFileReference; lastKnownFileType = sourcecode.swift; path = Routing.swift; sourceTree = "<group>"; };
		7F3075132C5CB359006FF502 /* UserSetting.swift */ = {isa = PBXFileReference; lastKnownFileType = sourcecode.swift; path = UserSetting.swift; sourceTree = "<group>"; };
		7F3075152C5DB48D006FF502 /* TodayForecast.swift */ = {isa = PBXFileReference; lastKnownFileType = sourcecode.swift; path = TodayForecast.swift; sourceTree = "<group>"; };
		7F3510F02C3E5251003612F6 /* PHAsset+Extension.swift */ = {isa = PBXFileReference; lastKnownFileType = sourcecode.swift; path = "PHAsset+Extension.swift"; sourceTree = "<group>"; };
		7F35116E2C42040A003612F6 /* PhotosService+Predicate.swift */ = {isa = PBXFileReference; lastKnownFileType = sourcecode.swift; path = "PhotosService+Predicate.swift"; sourceTree = "<group>"; };
		7F3B76852C0D6F9C001ECDDB /* PhotosAuthStatus.swift */ = {isa = PBXFileReference; lastKnownFileType = sourcecode.swift; path = PhotosAuthStatus.swift; sourceTree = "<group>"; };
		7F3DD5912D2FBCA200E1A9CC /* DetailsRootView.swift */ = {isa = PBXFileReference; lastKnownFileType = sourcecode.swift; path = DetailsRootView.swift; sourceTree = "<group>"; };
		7F3DD5932D2FBCCA00E1A9CC /* DetailsModel.swift */ = {isa = PBXFileReference; lastKnownFileType = sourcecode.swift; path = DetailsModel.swift; sourceTree = "<group>"; };
		7F3DD5952D30D69D00E1A9CC /* View+Text.swift */ = {isa = PBXFileReference; lastKnownFileType = sourcecode.swift; path = "View+Text.swift"; sourceTree = "<group>"; };
		7F3DD5972D30E4B300E1A9CC /* DetailsViewController.swift */ = {isa = PBXFileReference; lastKnownFileType = sourcecode.swift; path = DetailsViewController.swift; sourceTree = "<group>"; };
		7F3DD5992D312F6300E1A9CC /* DetailsRouter.swift */ = {isa = PBXFileReference; lastKnownFileType = sourcecode.swift; path = DetailsRouter.swift; sourceTree = "<group>"; };
		7F42E20D2D376751008523FC /* UIColor+GradientEffect.swift */ = {isa = PBXFileReference; lastKnownFileType = sourcecode.swift; path = "UIColor+GradientEffect.swift"; sourceTree = "<group>"; };
		7F457B672CA29EC100F485D1 /* LocationFetcher.swift */ = {isa = PBXFileReference; lastKnownFileType = sourcecode.swift; path = LocationFetcher.swift; sourceTree = "<group>"; };
		7F4F8D272C058CAF007B9F74 /* TodayViewControllerTests.swift */ = {isa = PBXFileReference; lastKnownFileType = sourcecode.swift; path = TodayViewControllerTests.swift; sourceTree = "<group>"; };
		7F51033D2D1F9DFE001E5F4B /* TodayRootView.swift */ = {isa = PBXFileReference; lastKnownFileType = sourcecode.swift; path = TodayRootView.swift; sourceTree = "<group>"; };
		7F51033F2D1FB87B001E5F4B /* View+DebugBorder.swift */ = {isa = PBXFileReference; lastKnownFileType = sourcecode.swift; path = "View+DebugBorder.swift"; sourceTree = "<group>"; };
		7F5103412D226667001E5F4B /* Date+Style.swift */ = {isa = PBXFileReference; lastKnownFileType = sourcecode.swift; path = "Date+Style.swift"; sourceTree = "<group>"; };
		7F5E0FBE2D4070F900BA99DD /* TodayWeatherInteractorTests.swift */ = {isa = PBXFileReference; lastKnownFileType = sourcecode.swift; path = TodayWeatherInteractorTests.swift; sourceTree = "<group>"; };
		7F5E0FC02D40806800BA99DD /* CurrentlyWeather+Stub.swift */ = {isa = PBXFileReference; lastKnownFileType = sourcecode.swift; path = "CurrentlyWeather+Stub.swift"; sourceTree = "<group>"; };
		7F5E0FC32D40809E00BA99DD /* HourlyWeather+Stub.swift */ = {isa = PBXFileReference; lastKnownFileType = sourcecode.swift; path = "HourlyWeather+Stub.swift"; sourceTree = "<group>"; };
		7F5E0FC52D40857000BA99DD /* DailyWeather+Stub.swift */ = {isa = PBXFileReference; lastKnownFileType = sourcecode.swift; path = "DailyWeather+Stub.swift"; sourceTree = "<group>"; };
		7F60208E2C58B8DE001C8D26 /* SettingViewController.swift */ = {isa = PBXFileReference; lastKnownFileType = sourcecode.swift; path = SettingViewController.swift; sourceTree = "<group>"; };
		7F6020922C59E23D001C8D26 /* SettingRootView.swift */ = {isa = PBXFileReference; lastKnownFileType = sourcecode.swift; path = SettingRootView.swift; sourceTree = "<group>"; };
		7F61F6852CA3E44500CD2DE1 /* CLLocationManger+LocationFetcherDelegate.swift */ = {isa = PBXFileReference; lastKnownFileType = sourcecode.swift; path = "CLLocationManger+LocationFetcherDelegate.swift"; sourceTree = "<group>"; };
		7F6341862C86BF2400839E0E /* TodayInteractor.swift */ = {isa = PBXFileReference; lastKnownFileType = sourcecode.swift; path = TodayInteractor.swift; sourceTree = "<group>"; };
		7F6936752CC2465800106C27 /* TodayInteractorTests.swift */ = {isa = PBXFileReference; lastKnownFileType = sourcecode.swift; path = TodayInteractorTests.swift; sourceTree = "<group>"; };
		7F6A0F252C4CA5270069925C /* HourlyWeather.swift */ = {isa = PBXFileReference; lastKnownFileType = sourcecode.swift; path = HourlyWeather.swift; sourceTree = "<group>"; };
		7F6A0F272C4CA5720069925C /* DailyWeather.swift */ = {isa = PBXFileReference; lastKnownFileType = sourcecode.swift; path = DailyWeather.swift; sourceTree = "<group>"; };
		7F6A0F292C4CA5B20069925C /* Measurement<UnitTemperature>+Rouded.swift */ = {isa = PBXFileReference; lastKnownFileType = sourcecode.swift; path = "Measurement<UnitTemperature>+Rouded.swift"; sourceTree = "<group>"; };
		7F6A0F302C520F2B0069925C /* TodayModel.swift */ = {isa = PBXFileReference; lastKnownFileType = sourcecode.swift; path = TodayModel.swift; sourceTree = "<group>"; };
		7F6A0F322C520F2B0069925C /* TodayViewController.swift */ = {isa = PBXFileReference; lastKnownFileType = sourcecode.swift; path = TodayViewController.swift; sourceTree = "<group>"; };
		7F6A0F352C520F2B0069925C /* ViewController.swift */ = {isa = PBXFileReference; lastKnownFileType = sourcecode.swift; path = ViewController.swift; sourceTree = "<group>"; };
		7F6A0F3B2C520FA40069925C /* WeatherOutfitView.swift */ = {isa = PBXFileReference; fileEncoding = 4; lastKnownFileType = sourcecode.swift; path = WeatherOutfitView.swift; sourceTree = "<group>"; };
		7F6A0F3F2C5344150069925C /* GoogleService-Info.plist */ = {isa = PBXFileReference; fileEncoding = 4; lastKnownFileType = text.plist.xml; name = "GoogleService-Info.plist"; path = "../../../../Resources/Lookbook/GoogleService-Info.plist"; sourceTree = "<group>"; };
		7F6A0F452C5372DA0069925C /* DEVELOP.xcconfig */ = {isa = PBXFileReference; lastKnownFileType = text.xcconfig; path = DEVELOP.xcconfig; sourceTree = "<group>"; };
		7F6A0F4C2C538E630069925C /* GoogleAdBannerViewController.swift */ = {isa = PBXFileReference; lastKnownFileType = sourcecode.swift; path = GoogleAdBannerViewController.swift; sourceTree = "<group>"; };
		7F70632A2CD1FA5F0025CEE3 /* CLLocation+Name.swift */ = {isa = PBXFileReference; lastKnownFileType = sourcecode.swift; path = "CLLocation+Name.swift"; sourceTree = "<group>"; };
		7F929F322C1D5362001F48E7 /* WeatherRepositorySpy.swift */ = {isa = PBXFileReference; lastKnownFileType = sourcecode.swift; path = WeatherRepositorySpy.swift; sourceTree = "<group>"; };
		7F929F352C1D67A0001F48E7 /* WeatherOfLocation.swift */ = {isa = PBXFileReference; lastKnownFileType = sourcecode.swift; path = WeatherOfLocation.swift; sourceTree = "<group>"; };
		7FA27BD12BECDB5900BDB1A9 /* Lookbook.app */ = {isa = PBXFileReference; explicitFileType = wrapper.application; includeInIndex = 0; path = Lookbook.app; sourceTree = BUILT_PRODUCTS_DIR; };
		7FA27BD42BECDB5900BDB1A9 /* AppDelegate.swift */ = {isa = PBXFileReference; lastKnownFileType = sourcecode.swift; path = AppDelegate.swift; sourceTree = "<group>"; };
		7FA27BD62BECDB5900BDB1A9 /* SceneDelegate.swift */ = {isa = PBXFileReference; lastKnownFileType = sourcecode.swift; path = SceneDelegate.swift; sourceTree = "<group>"; };
		7FA27BDD2BECDB5A00BDB1A9 /* Assets.xcassets */ = {isa = PBXFileReference; lastKnownFileType = folder.assetcatalog; path = Assets.xcassets; sourceTree = "<group>"; };
		7FA27BE02BECDB5A00BDB1A9 /* Base */ = {isa = PBXFileReference; lastKnownFileType = file.storyboard; name = Base; path = Base.lproj/LaunchScreen.storyboard; sourceTree = "<group>"; };
		7FA27BE22BECDB5A00BDB1A9 /* Info.plist */ = {isa = PBXFileReference; lastKnownFileType = text.plist.xml; path = Info.plist; sourceTree = "<group>"; };
		7FA27BE72BECDB5B00BDB1A9 /* LookbookTests.xctest */ = {isa = PBXFileReference; explicitFileType = wrapper.cfbundle; includeInIndex = 0; path = LookbookTests.xctest; sourceTree = BUILT_PRODUCTS_DIR; };
		7FA27BF12BECDB5B00BDB1A9 /* LookbookUITests.xctest */ = {isa = PBXFileReference; explicitFileType = wrapper.cfbundle; includeInIndex = 0; path = LookbookUITests.xctest; sourceTree = BUILT_PRODUCTS_DIR; };
		7FA27BF52BECDB5B00BDB1A9 /* LookbookUITests.swift */ = {isa = PBXFileReference; lastKnownFileType = sourcecode.swift; path = LookbookUITests.swift; sourceTree = "<group>"; };
		7FA27BF72BECDB5B00BDB1A9 /* LookbookUITestsLaunchTests.swift */ = {isa = PBXFileReference; lastKnownFileType = sourcecode.swift; path = LookbookUITestsLaunchTests.swift; sourceTree = "<group>"; };
		7FA623F72C995E3A0090E282 /* LocationServiceState.swift */ = {isa = PBXFileReference; lastKnownFileType = sourcecode.swift; path = LocationServiceState.swift; sourceTree = "<group>"; };
		7FB11E402C5888D000A47321 /* OutfitV1.mlmodel */ = {isa = PBXFileReference; lastKnownFileType = file.mlmodel; name = OutfitV1.mlmodel; path = ../../../../../../../../ML/OutfitV1.mlmodel; sourceTree = "<group>"; };
		7FB2D7E62BF483EC001BA4FB /* PhotosService.swift */ = {isa = PBXFileReference; lastKnownFileType = sourcecode.swift; path = PhotosService.swift; sourceTree = "<group>"; };
		7FB2D7EF2BF6F771001BA4FB /* OutfitImagePredictor.swift */ = {isa = PBXFileReference; lastKnownFileType = sourcecode.swift; path = OutfitImagePredictor.swift; sourceTree = "<group>"; };
		7FB2D7F22BF85972001BA4FB /* Lookbook.entitlements */ = {isa = PBXFileReference; lastKnownFileType = text.plist.entitlements; path = Lookbook.entitlements; sourceTree = "<group>"; };
		7FB5C2A52C3252A20061C763 /* PhotosServiceTests.swift */ = {isa = PBXFileReference; lastKnownFileType = sourcecode.swift; path = PhotosServiceTests.swift; sourceTree = "<group>"; };
		7FB673C82C44B28C009DFDB8 /* PhotosWorker.swift */ = {isa = PBXFileReference; lastKnownFileType = sourcecode.swift; path = PhotosWorker.swift; sourceTree = "<group>"; };
		7FB673CD2C46AED9009DFDB8 /* OutfitPhoto.swift */ = {isa = PBXFileReference; lastKnownFileType = sourcecode.swift; path = OutfitPhoto.swift; sourceTree = "<group>"; };
		7FC02EB42BFB063700217CAE /* sample_image.JPG */ = {isa = PBXFileReference; lastKnownFileType = image.jpeg; path = sample_image.JPG; sourceTree = "<group>"; };
		7FC758792C5B3C2F0080D523 /* UserDefault+Wrapper.swift */ = {isa = PBXFileReference; lastKnownFileType = sourcecode.swift; path = "UserDefault+Wrapper.swift"; sourceTree = "<group>"; };
		7FC7B9DA2C003B0B00558C51 /* CoreLocationService.swift */ = {isa = PBXFileReference; lastKnownFileType = sourcecode.swift; path = CoreLocationService.swift; sourceTree = "<group>"; };
		7FC95D162C952B0D00276FD6 /* LocationServiceTests.swift */ = {isa = PBXFileReference; lastKnownFileType = sourcecode.swift; path = LocationServiceTests.swift; sourceTree = "<group>"; };
		7FDFAE652C7C29A100916B7E /* Date+Strings.swift */ = {isa = PBXFileReference; lastKnownFileType = sourcecode.swift; path = "Date+Strings.swift"; sourceTree = "<group>"; };
		7FDFAE672C7C29CB00916B7E /* Date+IsEqual.swift */ = {isa = PBXFileReference; lastKnownFileType = sourcecode.swift; path = "Date+IsEqual.swift"; sourceTree = "<group>"; };
		7FE1A65A2D3E2DF90051A400 /* DIContainer.swift */ = {isa = PBXFileReference; lastKnownFileType = sourcecode.swift; path = DIContainer.swift; sourceTree = "<group>"; };
		7FE1A65C2D3E4C720051A400 /* TodayWeatherInteractor.swift */ = {isa = PBXFileReference; lastKnownFileType = sourcecode.swift; path = TodayWeatherInteractor.swift; sourceTree = "<group>"; };
		7FE3BA242D1145E700918655 /* LastYearOutfitGridView.swift */ = {isa = PBXFileReference; lastKnownFileType = sourcecode.swift; path = LastYearOutfitGridView.swift; sourceTree = "<group>"; };
		7FE3BA2A2D13D6FC00918655 /* Date+LastYear.swift */ = {isa = PBXFileReference; lastKnownFileType = sourcecode.swift; path = "Date+LastYear.swift"; sourceTree = "<group>"; };
		7FE8DE152D3CB1DD000E6571 /* TodayWeatherViewController.swift */ = {isa = PBXFileReference; lastKnownFileType = sourcecode.swift; path = TodayWeatherViewController.swift; sourceTree = "<group>"; };
		7FE8DE172D3CB208000E6571 /* TodayWeatherRootView.swift */ = {isa = PBXFileReference; lastKnownFileType = sourcecode.swift; path = TodayWeatherRootView.swift; sourceTree = "<group>"; };
		7FE8DE192D3CB215000E6571 /* TodayWeatherModel.swift */ = {isa = PBXFileReference; lastKnownFileType = sourcecode.swift; path = TodayWeatherModel.swift; sourceTree = "<group>"; };
		7FEA55A62C100812008F7B4A /* LocationAuthStatus.swift */ = {isa = PBXFileReference; lastKnownFileType = sourcecode.swift; path = LocationAuthStatus.swift; sourceTree = "<group>"; };
		7FEC5A372C23F78F00505636 /* CurrentlyWeather.swift */ = {isa = PBXFileReference; lastKnownFileType = sourcecode.swift; path = CurrentlyWeather.swift; sourceTree = "<group>"; };
		7FF2F1692C548FE40076F2C2 /* GoogleAdBannerView.swift */ = {isa = PBXFileReference; lastKnownFileType = sourcecode.swift; path = GoogleAdBannerView.swift; sourceTree = "<group>"; };
		7FF8294A2D40E3910076A515 /* PhotosWorkerSpy.swift */ = {isa = PBXFileReference; lastKnownFileType = sourcecode.swift; path = PhotosWorkerSpy.swift; sourceTree = "<group>"; };
		7FF8294C2D40E43E0076A515 /* LocationServiceSpy.swift */ = {isa = PBXFileReference; lastKnownFileType = sourcecode.swift; path = LocationServiceSpy.swift; sourceTree = "<group>"; };
		7FF8294F2D40F9130076A515 /* CLLocation+Place.swift */ = {isa = PBXFileReference; lastKnownFileType = sourcecode.swift; path = "CLLocation+Place.swift"; sourceTree = "<group>"; };
		7FF9E4F42CB7A2F700A738FE /* PhotosWorkerState.swift */ = {isa = PBXFileReference; lastKnownFileType = sourcecode.swift; path = PhotosWorkerState.swift; sourceTree = "<group>"; };
/* End PBXFileReference section */

/* Begin PBXFrameworksBuildPhase section */
		7FA27BCE2BECDB5900BDB1A9 /* Frameworks */ = {
			isa = PBXFrameworksBuildPhase;
			buildActionMask = 2147483647;
			files = (
				7F04D1582CE1096E000813D4 /* Swinject-Dynamic in Frameworks */,
			);
			runOnlyForDeploymentPostprocessing = 0;
		};
		7FA27BE42BECDB5B00BDB1A9 /* Frameworks */ = {
			isa = PBXFrameworksBuildPhase;
			buildActionMask = 2147483647;
			files = (
				7F1672E72CEC21AA00C25110 /* Swinject-Dynamic in Frameworks */,
			);
			runOnlyForDeploymentPostprocessing = 0;
		};
		7FA27BEE2BECDB5B00BDB1A9 /* Frameworks */ = {
			isa = PBXFrameworksBuildPhase;
			buildActionMask = 2147483647;
			files = (
			);
			runOnlyForDeploymentPostprocessing = 0;
		};
/* End PBXFrameworksBuildPhase section */

/* Begin PBXGroup section */
		7F04D15B2CE1D8ED000813D4 /* DI */ = {
			isa = PBXGroup;
			children = (
				7FE1A65A2D3E2DF90051A400 /* DIContainer.swift */,
			);
			path = DI;
			sourceTree = "<group>";
		};
		7F1672E32CEB136E00C25110 /* Today Tests */ = {
			isa = PBXGroup;
			children = (
				7F4F8D272C058CAF007B9F74 /* TodayViewControllerTests.swift */,
				7F6936752CC2465800106C27 /* TodayInteractorTests.swift */,
			);
			path = "Today Tests";
			sourceTree = "<group>";
		};
		7F3B76892C0D77DB001ECDDB /* Test Doubles */ = {
			isa = PBXGroup;
			children = (
				7FF8294E2D40E8270076A515 /* Spys */,
				7F5E0FC22D40808400BA99DD /* Stubs */,
				7F1672E42CEC1DB400C25110 /* MockRouter.swift */,
			);
			path = "Test Doubles";
			sourceTree = "<group>";
		};
		7F3DD5902D2FBC8D00E1A9CC /* Details */ = {
			isa = PBXGroup;
			children = (
				7F3DD5932D2FBCCA00E1A9CC /* DetailsModel.swift */,
				7F3DD5912D2FBCA200E1A9CC /* DetailsRootView.swift */,
				7F3DD5972D30E4B300E1A9CC /* DetailsViewController.swift */,
				7F3DD5992D312F6300E1A9CC /* DetailsRouter.swift */,
			);
			path = Details;
			sourceTree = "<group>";
		};
		7F4948092C06FA03004CD52F /* Service */ = {
			isa = PBXGroup;
			children = (
				7FB11E3C2C58778A00A47321 /* Location */,
				7F49480C2C06FA2F004CD52F /* Photos */,
			);
			path = Service;
			sourceTree = "<group>";
		};
		7F49480C2C06FA2F004CD52F /* Photos */ = {
			isa = PBXGroup;
			children = (
				7FB2D7E62BF483EC001BA4FB /* PhotosService.swift */,
				7F3510F02C3E5251003612F6 /* PHAsset+Extension.swift */,
				7F35116E2C42040A003612F6 /* PhotosService+Predicate.swift */,
			);
			name = Photos;
			sourceTree = "<group>";
		};
		7F4DCD1D2C2AA05200343EDA /* Weather */ = {
			isa = PBXGroup;
			children = (
				7FB11E3D2C58805F00A47321 /* Models */,
				7FB11E3E2C58807B00A47321 /* Extentions */,
				7F01F4E42BFEEFEB009B78BD /* WeatherRepository.swift */,
			);
			path = Weather;
			sourceTree = "<group>";
		};
		7F5E0FBD2D4070BA00BA99DD /* TodayWeatherTests */ = {
			isa = PBXGroup;
			children = (
				7F5E0FBE2D4070F900BA99DD /* TodayWeatherInteractorTests.swift */,
			);
			path = TodayWeatherTests;
			sourceTree = "<group>";
		};
		7F5E0FC22D40808400BA99DD /* Stubs */ = {
			isa = PBXGroup;
			children = (
				7F5E0FC02D40806800BA99DD /* CurrentlyWeather+Stub.swift */,
				7F5E0FC32D40809E00BA99DD /* HourlyWeather+Stub.swift */,
				7F5E0FC52D40857000BA99DD /* DailyWeather+Stub.swift */,
			);
			path = Stubs;
			sourceTree = "<group>";
		};
		7F60208D2C58B8C0001C8D26 /* Setting */ = {
			isa = PBXGroup;
			children = (
				7F6020912C59E22C001C8D26 /* Views */,
				7F60208E2C58B8DE001C8D26 /* SettingViewController.swift */,
				7F290C222CE72AA8001B9CBD /* SettingRouter.swift */,
			);
			path = Setting;
			sourceTree = "<group>";
		};
		7F6020912C59E22C001C8D26 /* Views */ = {
			isa = PBXGroup;
			children = (
				7F6020922C59E23D001C8D26 /* SettingRootView.swift */,
			);
			path = Views;
			sourceTree = "<group>";
		};
		7F6A0F332C520F2B0069925C /* Today */ = {
			isa = PBXGroup;
			children = (
				7F6A0F3D2C520FCA0069925C /* Models */,
				7F6A0F3E2C520FD30069925C /* Views */,
				7F6A0F322C520F2B0069925C /* TodayViewController.swift */,
				7F6341862C86BF2400839E0E /* TodayInteractor.swift */,
				7F290C1A2CE59EC4001B9CBD /* TodayRouter.swift */,
			);
			path = Today;
			sourceTree = "<group>";
		};
		7F6A0F342C520F2B0069925C /* Scenes */ = {
			isa = PBXGroup;
			children = (
				7F290C262CE843DF001B9CBD /* Routing.swift */,
				7F6A0F352C520F2B0069925C /* ViewController.swift */,
				7F6A0F4B2C538DD20069925C /* GoogleAd */,
				7F6A0F332C520F2B0069925C /* Today */,
				7FE8DE142D3CB1C1000E6571 /* TodayWeather */,
				7F3DD5902D2FBC8D00E1A9CC /* Details */,
				7F60208D2C58B8C0001C8D26 /* Setting */,
			);
			path = Scenes;
			sourceTree = "<group>";
		};
		7F6A0F362C520F2B0069925C /* Sources */ = {
			isa = PBXGroup;
			children = (
				7FB11E432C58984000A47321 /* Extensions */,
				7FB11E3F2C5881F200A47321 /* Entries */,
				7F929F342C1D5F63001F48E7 /* Models */,
				7F6A0F342C520F2B0069925C /* Scenes */,
				7FD86DA12C084C720043A571 /* Repositories */,
				7FB11E422C58966C00A47321 /* Workers */,
				7F4948092C06FA03004CD52F /* Service */,
				7FB2D7E02BF45E1E001BA4FB /* ML */,
				7FC758792C5B3C2F0080D523 /* UserDefault+Wrapper.swift */,
			);
			path = Sources;
			sourceTree = "<group>";
		};
		7F6A0F3D2C520FCA0069925C /* Models */ = {
			isa = PBXGroup;
			children = (
				7F6A0F302C520F2B0069925C /* TodayModel.swift */,
				7F3075152C5DB48D006FF502 /* TodayForecast.swift */,
			);
			path = Models;
			sourceTree = "<group>";
		};
		7F6A0F3E2C520FD30069925C /* Views */ = {
			isa = PBXGroup;
			children = (
				7F51033D2D1F9DFE001E5F4B /* TodayRootView.swift */,
				7F6A0F3B2C520FA40069925C /* WeatherOutfitView.swift */,
				7F1672F52CEDC3B800C25110 /* DataImageView.swift */,
				7FE3BA242D1145E700918655 /* LastYearOutfitGridView.swift */,
			);
			path = Views;
			sourceTree = "<group>";
		};
		7F6A0F442C5366EA0069925C /* XCConfigs */ = {
			isa = PBXGroup;
			children = (
				7F6A0F452C5372DA0069925C /* DEVELOP.xcconfig */,
			);
			path = XCConfigs;
			sourceTree = "<group>";
		};
		7F6A0F4B2C538DD20069925C /* GoogleAd */ = {
			isa = PBXGroup;
			children = (
				7F6A0F4C2C538E630069925C /* GoogleAdBannerViewController.swift */,
				7FF2F1692C548FE40076F2C2 /* GoogleAdBannerView.swift */,
			);
			path = GoogleAd;
			sourceTree = "<group>";
		};
		7F929F342C1D5F63001F48E7 /* Models */ = {
			isa = PBXGroup;
			children = (
				7F3B76852C0D6F9C001ECDDB /* PhotosAuthStatus.swift */,
				7FEA55A62C100812008F7B4A /* LocationAuthStatus.swift */,
				7F929F352C1D67A0001F48E7 /* WeatherOfLocation.swift */,
				7FB673CD2C46AED9009DFDB8 /* OutfitPhoto.swift */,
				7F3075132C5CB359006FF502 /* UserSetting.swift */,
			);
			path = Models;
			sourceTree = "<group>";
		};
		7FA27BC82BECDB5900BDB1A9 = {
			isa = PBXGroup;
			children = (
				7FA27BD32BECDB5900BDB1A9 /* Lookbook */,
				7FA27BEA2BECDB5B00BDB1A9 /* LookbookTests */,
				7FA27BF42BECDB5B00BDB1A9 /* LookbookUITests */,
				7FA27BD22BECDB5900BDB1A9 /* Products */,
				7FF2F1662C54893D0076F2C2 /* Frameworks */,
			);
			sourceTree = "<group>";
		};
		7FA27BD22BECDB5900BDB1A9 /* Products */ = {
			isa = PBXGroup;
			children = (
				7FA27BD12BECDB5900BDB1A9 /* Lookbook.app */,
				7FA27BE72BECDB5B00BDB1A9 /* LookbookTests.xctest */,
				7FA27BF12BECDB5B00BDB1A9 /* LookbookUITests.xctest */,
			);
			name = Products;
			sourceTree = "<group>";
		};
		7FA27BD32BECDB5900BDB1A9 /* Lookbook */ = {
			isa = PBXGroup;
			children = (
				7F6A0F362C520F2B0069925C /* Sources */,
				7FB11E442C589C1C00A47321 /* Supportings */,
				7FC02EB32BFB00E600217CAE /* Resources */,
			);
			path = Lookbook;
			sourceTree = "<group>";
		};
		7FA27BEA2BECDB5B00BDB1A9 /* LookbookTests */ = {
			isa = PBXGroup;
			children = (
				7F1672E32CEB136E00C25110 /* Today Tests */,
				7F5E0FBD2D4070BA00BA99DD /* TodayWeatherTests */,
				7F3B76892C0D77DB001ECDDB /* Test Doubles */,
				7FB5C2A52C3252A20061C763 /* PhotosServiceTests.swift */,
				7FC95D162C952B0D00276FD6 /* LocationServiceTests.swift */,
			);
			path = LookbookTests;
			sourceTree = "<group>";
		};
		7FA27BF42BECDB5B00BDB1A9 /* LookbookUITests */ = {
			isa = PBXGroup;
			children = (
				7FA27BF52BECDB5B00BDB1A9 /* LookbookUITests.swift */,
				7FA27BF72BECDB5B00BDB1A9 /* LookbookUITestsLaunchTests.swift */,
			);
			path = LookbookUITests;
			sourceTree = "<group>";
		};
		7FB11E3C2C58778A00A47321 /* Location */ = {
			isa = PBXGroup;
			children = (
				7FF829512D40F9170076A515 /* Extensions */,
				7FC7B9DA2C003B0B00558C51 /* CoreLocationService.swift */,
				7FA623F72C995E3A0090E282 /* LocationServiceState.swift */,
				7F457B672CA29EC100F485D1 /* LocationFetcher.swift */,
				7F61F6852CA3E44500CD2DE1 /* CLLocationManger+LocationFetcherDelegate.swift */,
			);
			path = Location;
			sourceTree = "<group>";
		};
		7FB11E3D2C58805F00A47321 /* Models */ = {
			isa = PBXGroup;
			children = (
				7FEC5A372C23F78F00505636 /* CurrentlyWeather.swift */,
				7F6A0F252C4CA5270069925C /* HourlyWeather.swift */,
				7F6A0F272C4CA5720069925C /* DailyWeather.swift */,
			);
			path = Models;
			sourceTree = "<group>";
		};
		7FB11E3E2C58807B00A47321 /* Extentions */ = {
			isa = PBXGroup;
			children = (
				7F6A0F292C4CA5B20069925C /* Measurement<UnitTemperature>+Rouded.swift */,
			);
			path = Extentions;
			sourceTree = "<group>";
		};
		7FB11E3F2C5881F200A47321 /* Entries */ = {
			isa = PBXGroup;
			children = (
				7F04D15B2CE1D8ED000813D4 /* DI */,
				7FA27BD42BECDB5900BDB1A9 /* AppDelegate.swift */,
				7FA27BD62BECDB5900BDB1A9 /* SceneDelegate.swift */,
			);
			path = Entries;
			sourceTree = "<group>";
		};
		7FB11E422C58966C00A47321 /* Workers */ = {
			isa = PBXGroup;
			children = (
				7FB673C82C44B28C009DFDB8 /* PhotosWorker.swift */,
				7FF9E4F42CB7A2F700A738FE /* PhotosWorkerState.swift */,
			);
			path = Workers;
			sourceTree = "<group>";
		};
		7FB11E432C58984000A47321 /* Extensions */ = {
			isa = PBXGroup;
			children = (
				7FDFAE642C7C298F00916B7E /* Date+Extentions */,
				7F51033F2D1FB87B001E5F4B /* View+DebugBorder.swift */,
				7F3DD5952D30D69D00E1A9CC /* View+Text.swift */,
				7F42E20D2D376751008523FC /* UIColor+GradientEffect.swift */,
			);
			path = Extensions;
			sourceTree = "<group>";
		};
		7FB11E442C589C1C00A47321 /* Supportings */ = {
			isa = PBXGroup;
			children = (
				7F6A0F442C5366EA0069925C /* XCConfigs */,
				7FA27BE22BECDB5A00BDB1A9 /* Info.plist */,
				7FA27BDF2BECDB5A00BDB1A9 /* LaunchScreen.storyboard */,
				7FB2D7F22BF85972001BA4FB /* Lookbook.entitlements */,
			);
			path = Supportings;
			sourceTree = "<group>";
		};
		7FB2D7E02BF45E1E001BA4FB /* ML */ = {
			isa = PBXGroup;
			children = (
				7FB2D7E12BF46BF8001BA4FB /* Resources */,
				7FB2D7EF2BF6F771001BA4FB /* OutfitImagePredictor.swift */,
			);
			path = ML;
			sourceTree = "<group>";
		};
		7FB2D7E12BF46BF8001BA4FB /* Resources */ = {
			isa = PBXGroup;
			children = (
				7FB11E402C5888D000A47321 /* OutfitV1.mlmodel */,
			);
			path = Resources;
			sourceTree = "<group>";
		};
		7FC02EB32BFB00E600217CAE /* Resources */ = {
			isa = PBXGroup;
			children = (
				7FA27BDD2BECDB5A00BDB1A9 /* Assets.xcassets */,
				7F6A0F3F2C5344150069925C /* GoogleService-Info.plist */,
				7FC02EB42BFB063700217CAE /* sample_image.JPG */,
			);
			path = Resources;
			sourceTree = "<group>";
		};
		7FD86DA12C084C720043A571 /* Repositories */ = {
			isa = PBXGroup;
			children = (
				7F4DCD1D2C2AA05200343EDA /* Weather */,
			);
			path = Repositories;
			sourceTree = "<group>";
		};
		7FDFAE642C7C298F00916B7E /* Date+Extentions */ = {
			isa = PBXGroup;
			children = (
				7FDFAE652C7C29A100916B7E /* Date+Strings.swift */,
				7FDFAE672C7C29CB00916B7E /* Date+IsEqual.swift */,
				7FE3BA2A2D13D6FC00918655 /* Date+LastYear.swift */,
				7F5103412D226667001E5F4B /* Date+Style.swift */,
			);
			path = "Date+Extentions";
			sourceTree = "<group>";
		};
		7FE8DE142D3CB1C1000E6571 /* TodayWeather */ = {
			isa = PBXGroup;
			children = (
				7FE8DE192D3CB215000E6571 /* TodayWeatherModel.swift */,
				7FE8DE172D3CB208000E6571 /* TodayWeatherRootView.swift */,
				7FE8DE152D3CB1DD000E6571 /* TodayWeatherViewController.swift */,
				7FE1A65C2D3E4C720051A400 /* TodayWeatherInteractor.swift */,
			);
			path = TodayWeather;
			sourceTree = "<group>";
		};
		7FF2F1662C54893D0076F2C2 /* Frameworks */ = {
			isa = PBXGroup;
			children = (
			);
			name = Frameworks;
			sourceTree = "<group>";
		};
		7FF8294E2D40E8270076A515 /* Spys */ = {
			isa = PBXGroup;
			children = (
				7FF8294A2D40E3910076A515 /* PhotosWorkerSpy.swift */,
				7FF8294C2D40E43E0076A515 /* LocationServiceSpy.swift */,
				7F929F322C1D5362001F48E7 /* WeatherRepositorySpy.swift */,
			);
			path = Spys;
			sourceTree = "<group>";
		};
		7FF829512D40F9170076A515 /* Extensions */ = {
			isa = PBXGroup;
			children = (
				7F70632A2CD1FA5F0025CEE3 /* CLLocation+Name.swift */,
				7FF8294F2D40F9130076A515 /* CLLocation+Place.swift */,
			);
			path = Extensions;
			sourceTree = "<group>";
		};
/* End PBXGroup section */

/* Begin PBXNativeTarget section */
		7FA27BD02BECDB5900BDB1A9 /* Lookbook */ = {
			isa = PBXNativeTarget;
			buildConfigurationList = 7FA27BFB2BECDB5B00BDB1A9 /* Build configuration list for PBXNativeTarget "Lookbook" */;
			buildPhases = (
				7FA27BCD2BECDB5900BDB1A9 /* Sources */,
				7FA27BCE2BECDB5900BDB1A9 /* Frameworks */,
				7FA27BCF2BECDB5900BDB1A9 /* Resources */,
				7F04D1592CE1096E000813D4 /* Embed Frameworks */,
			);
			buildRules = (
			);
			dependencies = (
			);
			name = Lookbook;
			packageProductDependencies = (
				7F04D1572CE1096E000813D4 /* Swinject-Dynamic */,
			);
			productName = Lookbook;
			productReference = 7FA27BD12BECDB5900BDB1A9 /* Lookbook.app */;
			productType = "com.apple.product-type.application";
		};
		7FA27BE62BECDB5B00BDB1A9 /* LookbookTests */ = {
			isa = PBXNativeTarget;
			buildConfigurationList = 7FA27BFE2BECDB5B00BDB1A9 /* Build configuration list for PBXNativeTarget "LookbookTests" */;
			buildPhases = (
				7FA27BE32BECDB5B00BDB1A9 /* Sources */,
				7FA27BE42BECDB5B00BDB1A9 /* Frameworks */,
				7FA27BE52BECDB5B00BDB1A9 /* Resources */,
				7F1672E92CEC21AA00C25110 /* Embed Frameworks */,
			);
			buildRules = (
			);
			dependencies = (
				7FA27BE92BECDB5B00BDB1A9 /* PBXTargetDependency */,
			);
			name = LookbookTests;
			productName = LookbookTests;
			productReference = 7FA27BE72BECDB5B00BDB1A9 /* LookbookTests.xctest */;
			productType = "com.apple.product-type.bundle.unit-test";
		};
		7FA27BF02BECDB5B00BDB1A9 /* LookbookUITests */ = {
			isa = PBXNativeTarget;
			buildConfigurationList = 7FA27C012BECDB5B00BDB1A9 /* Build configuration list for PBXNativeTarget "LookbookUITests" */;
			buildPhases = (
				7FA27BED2BECDB5B00BDB1A9 /* Sources */,
				7FA27BEE2BECDB5B00BDB1A9 /* Frameworks */,
				7FA27BEF2BECDB5B00BDB1A9 /* Resources */,
			);
			buildRules = (
			);
			dependencies = (
				7FA27BF32BECDB5B00BDB1A9 /* PBXTargetDependency */,
			);
			name = LookbookUITests;
			productName = LookbookUITests;
			productReference = 7FA27BF12BECDB5B00BDB1A9 /* LookbookUITests.xctest */;
			productType = "com.apple.product-type.bundle.ui-testing";
		};
/* End PBXNativeTarget section */

/* Begin PBXProject section */
		7FA27BC92BECDB5900BDB1A9 /* Project object */ = {
			isa = PBXProject;
			attributes = {
				BuildIndependentTargetsInParallel = 1;
				LastSwiftUpdateCheck = 1520;
				LastUpgradeCheck = 1600;
				TargetAttributes = {
					7FA27BD02BECDB5900BDB1A9 = {
						CreatedOnToolsVersion = 15.2;
					};
					7FA27BE62BECDB5B00BDB1A9 = {
						CreatedOnToolsVersion = 15.2;
						TestTargetID = 7FA27BD02BECDB5900BDB1A9;
					};
					7FA27BF02BECDB5B00BDB1A9 = {
						CreatedOnToolsVersion = 15.2;
						TestTargetID = 7FA27BD02BECDB5900BDB1A9;
					};
				};
			};
			buildConfigurationList = 7FA27BCC2BECDB5900BDB1A9 /* Build configuration list for PBXProject "Lookbook" */;
			compatibilityVersion = "Xcode 14.0";
			developmentRegion = en;
			hasScannedForEncodings = 0;
			knownRegions = (
				en,
				Base,
			);
			mainGroup = 7FA27BC82BECDB5900BDB1A9;
			packageReferences = (
				7F3A3B8C2CDDE87100318AB0 /* XCRemoteSwiftPackageReference "Swinject" */,
			);
			productRefGroup = 7FA27BD22BECDB5900BDB1A9 /* Products */;
			projectDirPath = "";
			projectRoot = "";
			targets = (
				7FA27BD02BECDB5900BDB1A9 /* Lookbook */,
				7FA27BE62BECDB5B00BDB1A9 /* LookbookTests */,
				7FA27BF02BECDB5B00BDB1A9 /* LookbookUITests */,
			);
		};
/* End PBXProject section */

/* Begin PBXResourcesBuildPhase section */
		7FA27BCF2BECDB5900BDB1A9 /* Resources */ = {
			isa = PBXResourcesBuildPhase;
			buildActionMask = 2147483647;
			files = (
				7FA27BE12BECDB5A00BDB1A9 /* LaunchScreen.storyboard in Resources */,
				7F6A0F402C5344150069925C /* GoogleService-Info.plist in Resources */,
				7FC02EB52BFB063700217CAE /* sample_image.JPG in Resources */,
				7FA27BDE2BECDB5A00BDB1A9 /* Assets.xcassets in Resources */,
			);
			runOnlyForDeploymentPostprocessing = 0;
		};
		7FA27BE52BECDB5B00BDB1A9 /* Resources */ = {
			isa = PBXResourcesBuildPhase;
			buildActionMask = 2147483647;
			files = (
			);
			runOnlyForDeploymentPostprocessing = 0;
		};
		7FA27BEF2BECDB5B00BDB1A9 /* Resources */ = {
			isa = PBXResourcesBuildPhase;
			buildActionMask = 2147483647;
			files = (
			);
			runOnlyForDeploymentPostprocessing = 0;
		};
/* End PBXResourcesBuildPhase section */

/* Begin PBXSourcesBuildPhase section */
		7FA27BCD2BECDB5900BDB1A9 /* Sources */ = {
			isa = PBXSourcesBuildPhase;
			buildActionMask = 2147483647;
			files = (
				7F3075162C5DB48D006FF502 /* TodayForecast.swift in Sources */,
				7F6A0F3A2C520F5C0069925C /* ViewController.swift in Sources */,
				7F3B76862C0D6F9C001ECDDB /* PhotosAuthStatus.swift in Sources */,
				7F6A0F262C4CA5270069925C /* HourlyWeather.swift in Sources */,
				7F290C272CE843DF001B9CBD /* Routing.swift in Sources */,
				7FC7B9DB2C003B0B00558C51 /* CoreLocationService.swift in Sources */,
				7F61F6862CA3E44500CD2DE1 /* CLLocationManger+LocationFetcherDelegate.swift in Sources */,
				7F6A0F282C4CA5720069925C /* DailyWeather.swift in Sources */,
				7FDFAE682C7C29CB00916B7E /* Date+IsEqual.swift in Sources */,
				7F60208F2C58B8DE001C8D26 /* SettingViewController.swift in Sources */,
				7F3075142C5CB359006FF502 /* UserSetting.swift in Sources */,
				7F6A0F4D2C538E630069925C /* GoogleAdBannerViewController.swift in Sources */,
				7F3DD59A2D312F6300E1A9CC /* DetailsRouter.swift in Sources */,
				7F6A0F392C520F5A0069925C /* TodayModel.swift in Sources */,
				7F3DD5982D30E4B300E1A9CC /* DetailsViewController.swift in Sources */,
				7FE1A65D2D3E4C720051A400 /* TodayWeatherInteractor.swift in Sources */,
				7F70632B2CD1FA5F0025CEE3 /* CLLocation+Name.swift in Sources */,
				7F3510F12C3E5251003612F6 /* PHAsset+Extension.swift in Sources */,
				7F6341872C86BF2400839E0E /* TodayInteractor.swift in Sources */,
				7FE8DE162D3CB1DD000E6571 /* TodayWeatherViewController.swift in Sources */,
				7F51033E2D1F9DFE001E5F4B /* TodayRootView.swift in Sources */,
				7FE3BA252D1145E700918655 /* LastYearOutfitGridView.swift in Sources */,
				7F35116F2C42040A003612F6 /* PhotosService+Predicate.swift in Sources */,
				7F01F4E52BFEEFEB009B78BD /* WeatherRepository.swift in Sources */,
				7FE8DE182D3CB208000E6571 /* TodayWeatherRootView.swift in Sources */,
				7FE3BA2B2D13D6FC00918655 /* Date+LastYear.swift in Sources */,
				7F6A0F2A2C4CA5B20069925C /* Measurement<UnitTemperature>+Rouded.swift in Sources */,
				7F3DD5942D2FBCCA00E1A9CC /* DetailsModel.swift in Sources */,
				7FA27BD52BECDB5900BDB1A9 /* AppDelegate.swift in Sources */,
				7FEA55A72C100812008F7B4A /* LocationAuthStatus.swift in Sources */,
				7F290C232CE72AA8001B9CBD /* SettingRouter.swift in Sources */,
				7FF829502D40F9130076A515 /* CLLocation+Place.swift in Sources */,
				7F5103402D1FB87B001E5F4B /* View+DebugBorder.swift in Sources */,
				7FE1A65B2D3E2DF90051A400 /* DIContainer.swift in Sources */,
				7FA623F82C995E3A0090E282 /* LocationServiceState.swift in Sources */,
				7FB2D7E72BF483EC001BA4FB /* PhotosService.swift in Sources */,
				7FEC5A382C23F78F00505636 /* CurrentlyWeather.swift in Sources */,
				7FDFAE662C7C29A100916B7E /* Date+Strings.swift in Sources */,
				7F6020932C59E23D001C8D26 /* SettingRootView.swift in Sources */,
				7F6A0F3C2C520FA40069925C /* WeatherOutfitView.swift in Sources */,
				7FC7587A2C5B3C2F0080D523 /* UserDefault+Wrapper.swift in Sources */,
				7F929F362C1D67A0001F48E7 /* WeatherOfLocation.swift in Sources */,
				7FB2D7F02BF6F771001BA4FB /* OutfitImagePredictor.swift in Sources */,
				7F457B682CA29EC100F485D1 /* LocationFetcher.swift in Sources */,
				7FB673C92C44B28C009DFDB8 /* PhotosWorker.swift in Sources */,
				7FB11E412C5888D000A47321 /* OutfitV1.mlmodel in Sources */,
				7F6A0F372C520F540069925C /* TodayViewController.swift in Sources */,
				7F5103422D226667001E5F4B /* Date+Style.swift in Sources */,
				7F3DD5922D2FBCA200E1A9CC /* DetailsRootView.swift in Sources */,
				7F1672F62CEDC3B800C25110 /* DataImageView.swift in Sources */,
				7F290C1B2CE59EC4001B9CBD /* TodayRouter.swift in Sources */,
				7F3DD5962D30D69D00E1A9CC /* View+Text.swift in Sources */,
				7FF9E4F52CB7A2F700A738FE /* PhotosWorkerState.swift in Sources */,
				7FA27BD72BECDB5900BDB1A9 /* SceneDelegate.swift in Sources */,
				7FE8DE1A2D3CB215000E6571 /* TodayWeatherModel.swift in Sources */,
				7FB673CE2C46AED9009DFDB8 /* OutfitPhoto.swift in Sources */,
				7FF2F16A2C548FE40076F2C2 /* GoogleAdBannerView.swift in Sources */,
				7F42E20E2D376751008523FC /* UIColor+GradientEffect.swift in Sources */,
			);
			runOnlyForDeploymentPostprocessing = 0;
		};
		7FA27BE32BECDB5B00BDB1A9 /* Sources */ = {
			isa = PBXSourcesBuildPhase;
			buildActionMask = 2147483647;
			files = (
				7F6936762CC2465800106C27 /* TodayInteractorTests.swift in Sources */,
				7F5E0FBF2D4070F900BA99DD /* TodayWeatherInteractorTests.swift in Sources */,
				7F5E0FC42D40809E00BA99DD /* HourlyWeather+Stub.swift in Sources */,
				7FC95D172C952B0D00276FD6 /* LocationServiceTests.swift in Sources */,
				7F929F332C1D5362001F48E7 /* WeatherRepositorySpy.swift in Sources */,
				7F5E0FC12D40806800BA99DD /* CurrentlyWeather+Stub.swift in Sources */,
				7FF8294B2D40E3910076A515 /* PhotosWorkerSpy.swift in Sources */,
				7F5E0FC62D40857000BA99DD /* DailyWeather+Stub.swift in Sources */,
				7FF8294D2D40E43E0076A515 /* LocationServiceSpy.swift in Sources */,
				7FB5C2A62C3252A20061C763 /* PhotosServiceTests.swift in Sources */,
				7F1672E52CEC1DB400C25110 /* MockRouter.swift in Sources */,
				7F4F8D282C058CAF007B9F74 /* TodayViewControllerTests.swift in Sources */,
			);
			runOnlyForDeploymentPostprocessing = 0;
		};
		7FA27BED2BECDB5B00BDB1A9 /* Sources */ = {
			isa = PBXSourcesBuildPhase;
			buildActionMask = 2147483647;
			files = (
				7FA27BF82BECDB5B00BDB1A9 /* LookbookUITestsLaunchTests.swift in Sources */,
				7FA27BF62BECDB5B00BDB1A9 /* LookbookUITests.swift in Sources */,
			);
			runOnlyForDeploymentPostprocessing = 0;
		};
/* End PBXSourcesBuildPhase section */

/* Begin PBXTargetDependency section */
		7FA27BE92BECDB5B00BDB1A9 /* PBXTargetDependency */ = {
			isa = PBXTargetDependency;
			target = 7FA27BD02BECDB5900BDB1A9 /* Lookbook */;
			targetProxy = 7FA27BE82BECDB5B00BDB1A9 /* PBXContainerItemProxy */;
		};
		7FA27BF32BECDB5B00BDB1A9 /* PBXTargetDependency */ = {
			isa = PBXTargetDependency;
			target = 7FA27BD02BECDB5900BDB1A9 /* Lookbook */;
			targetProxy = 7FA27BF22BECDB5B00BDB1A9 /* PBXContainerItemProxy */;
		};
/* End PBXTargetDependency section */

/* Begin PBXVariantGroup section */
		7FA27BDF2BECDB5A00BDB1A9 /* LaunchScreen.storyboard */ = {
			isa = PBXVariantGroup;
			children = (
				7FA27BE02BECDB5A00BDB1A9 /* Base */,
			);
			name = LaunchScreen.storyboard;
			sourceTree = "<group>";
		};
/* End PBXVariantGroup section */

/* Begin XCBuildConfiguration section */
		7F6A0F462C5375760069925C /* DEVELOP */ = {
			isa = XCBuildConfiguration;
			baseConfigurationReference = 7F6A0F452C5372DA0069925C /* DEVELOP.xcconfig */;
			buildSettings = {
				ALWAYS_SEARCH_USER_PATHS = NO;
				ASSETCATALOG_COMPILER_GENERATE_SWIFT_ASSET_SYMBOL_EXTENSIONS = YES;
				CLANG_ANALYZER_NONNULL = YES;
				CLANG_ANALYZER_NUMBER_OBJECT_CONVERSION = YES_AGGRESSIVE;
				CLANG_CXX_LANGUAGE_STANDARD = "gnu++20";
				CLANG_ENABLE_MODULES = YES;
				CLANG_ENABLE_OBJC_ARC = YES;
				CLANG_ENABLE_OBJC_WEAK = YES;
				CLANG_WARN_BLOCK_CAPTURE_AUTORELEASING = YES;
				CLANG_WARN_BOOL_CONVERSION = YES;
				CLANG_WARN_COMMA = YES;
				CLANG_WARN_CONSTANT_CONVERSION = YES;
				CLANG_WARN_DEPRECATED_OBJC_IMPLEMENTATIONS = YES;
				CLANG_WARN_DIRECT_OBJC_ISA_USAGE = YES_ERROR;
				CLANG_WARN_DOCUMENTATION_COMMENTS = YES;
				CLANG_WARN_EMPTY_BODY = YES;
				CLANG_WARN_ENUM_CONVERSION = YES;
				CLANG_WARN_INFINITE_RECURSION = YES;
				CLANG_WARN_INT_CONVERSION = YES;
				CLANG_WARN_NON_LITERAL_NULL_CONVERSION = YES;
				CLANG_WARN_OBJC_IMPLICIT_RETAIN_SELF = YES;
				CLANG_WARN_OBJC_LITERAL_CONVERSION = YES;
				CLANG_WARN_OBJC_ROOT_CLASS = YES_ERROR;
				CLANG_WARN_QUOTED_INCLUDE_IN_FRAMEWORK_HEADER = YES;
				CLANG_WARN_RANGE_LOOP_ANALYSIS = YES;
				CLANG_WARN_STRICT_PROTOTYPES = YES;
				CLANG_WARN_SUSPICIOUS_MOVE = YES;
				CLANG_WARN_UNGUARDED_AVAILABILITY = YES_AGGRESSIVE;
				CLANG_WARN_UNREACHABLE_CODE = YES;
				CLANG_WARN__DUPLICATE_METHOD_MATCH = YES;
				COPY_PHASE_STRIP = NO;
				DEBUG_INFORMATION_FORMAT = dwarf;
				ENABLE_STRICT_OBJC_MSGSEND = YES;
				ENABLE_TESTABILITY = YES;
				ENABLE_USER_SCRIPT_SANDBOXING = YES;
				GCC_C_LANGUAGE_STANDARD = gnu17;
				GCC_DYNAMIC_NO_PIC = NO;
				GCC_NO_COMMON_BLOCKS = YES;
				GCC_OPTIMIZATION_LEVEL = 0;
				GCC_PREPROCESSOR_DEFINITIONS = (
					"DEBUG=1",
					"$(inherited)",
				);
				GCC_WARN_64_TO_32_BIT_CONVERSION = YES;
				GCC_WARN_ABOUT_RETURN_TYPE = YES_ERROR;
				GCC_WARN_UNDECLARED_SELECTOR = YES;
				GCC_WARN_UNINITIALIZED_AUTOS = YES_AGGRESSIVE;
				GCC_WARN_UNUSED_FUNCTION = YES;
				GCC_WARN_UNUSED_VARIABLE = YES;
				IPHONEOS_DEPLOYMENT_TARGET = 17.0;
				LOCALIZATION_PREFERS_STRING_CATALOGS = YES;
				MTL_ENABLE_DEBUG_INFO = INCLUDE_SOURCE;
				MTL_FAST_MATH = YES;
				ONLY_ACTIVE_ARCH = YES;
				SDKROOT = iphoneos;
				SWIFT_ACTIVE_COMPILATION_CONDITIONS = "DEBUG $(inherited)";
				SWIFT_OPTIMIZATION_LEVEL = "-Onone";
			};
			name = DEVELOP;
		};
		7F6A0F472C5375760069925C /* DEVELOP */ = {
			isa = XCBuildConfiguration;
			buildSettings = {
				ASSETCATALOG_COMPILER_APPICON_NAME = AppIcon;
				ASSETCATALOG_COMPILER_GLOBAL_ACCENT_COLOR_NAME = AccentColor;
				CODE_SIGN_ENTITLEMENTS = Lookbook/Supportings/Lookbook.entitlements;
				CODE_SIGN_STYLE = Automatic;
				CURRENT_PROJECT_VERSION = 1;
				DEVELOPMENT_TEAM = 3XVAQ6DRC4;
				GENERATE_INFOPLIST_FILE = YES;
				INFOPLIST_FILE = Lookbook/Supportings/Info.plist;
				INFOPLIST_KEY_CFBundleDisplayName = "Look Weather";
				INFOPLIST_KEY_NSLocationWhenInUseUsageDescription = "현재 위치의 날씨 정보를 가져오기 위해 권한을 설정해주세요";
				INFOPLIST_KEY_NSPhotoLibraryUsageDescription = "작년 옷차림 사진을 가져오기 위해 권한을 설정해주세요";
				INFOPLIST_KEY_UIApplicationSupportsIndirectInputEvents = YES;
				INFOPLIST_KEY_UILaunchStoryboardName = LaunchScreen;
				INFOPLIST_KEY_UISupportedInterfaceOrientations = UIInterfaceOrientationPortrait;
				INFOPLIST_KEY_UISupportedInterfaceOrientations_iPad = "UIInterfaceOrientationLandscapeLeft UIInterfaceOrientationLandscapeRight UIInterfaceOrientationPortrait UIInterfaceOrientationPortraitUpsideDown";
				IPHONEOS_DEPLOYMENT_TARGET = 18.0;
				LD_RUNPATH_SEARCH_PATHS = (
					"$(inherited)",
					"@executable_path/Frameworks",
				);
				MARKETING_VERSION = 1.0;
				PRODUCT_BUNDLE_IDENTIFIER = io.doyoung.Lookbook;
				PRODUCT_NAME = "$(TARGET_NAME)";
				SWIFT_EMIT_LOC_STRINGS = YES;
				SWIFT_VERSION = 5.0;
				TARGETED_DEVICE_FAMILY = "1,2";
			};
			name = DEVELOP;
		};
		7F6A0F482C5375760069925C /* DEVELOP */ = {
			isa = XCBuildConfiguration;
			baseConfigurationReference = 7F6A0F452C5372DA0069925C /* DEVELOP.xcconfig */;
			buildSettings = {
				BUNDLE_LOADER = "$(TEST_HOST)";
				CODE_SIGN_STYLE = Automatic;
				CURRENT_PROJECT_VERSION = 1;
				DEVELOPMENT_TEAM = 3XVAQ6DRC4;
				GENERATE_INFOPLIST_FILE = YES;
				IPHONEOS_DEPLOYMENT_TARGET = 18.0;
				MARKETING_VERSION = 1.0;
				PRODUCT_BUNDLE_IDENTIFIER = io.doyoung.LookbookTests;
				PRODUCT_NAME = "$(TARGET_NAME)";
				SWIFT_EMIT_LOC_STRINGS = NO;
				SWIFT_VERSION = 5.0;
				TARGETED_DEVICE_FAMILY = "1,2";
				TEST_HOST = "$(BUILT_PRODUCTS_DIR)/Lookbook.app/$(BUNDLE_EXECUTABLE_FOLDER_PATH)/Lookbook";
			};
			name = DEVELOP;
		};
		7F6A0F492C5375760069925C /* DEVELOP */ = {
			isa = XCBuildConfiguration;
			buildSettings = {
				CODE_SIGN_STYLE = Automatic;
				CURRENT_PROJECT_VERSION = 1;
				DEVELOPMENT_TEAM = 3XVAQ6DRC4;
				GENERATE_INFOPLIST_FILE = YES;
				IPHONEOS_DEPLOYMENT_TARGET = 18.0;
				MARKETING_VERSION = 1.0;
				PRODUCT_BUNDLE_IDENTIFIER = io.doyoung.LookbookUITests;
				PRODUCT_NAME = "$(TARGET_NAME)";
				SWIFT_EMIT_LOC_STRINGS = NO;
				SWIFT_VERSION = 5.0;
				TARGETED_DEVICE_FAMILY = "1,2";
				TEST_TARGET_NAME = Lookbook;
			};
			name = DEVELOP;
		};
		7FA27BF92BECDB5B00BDB1A9 /* Debug */ = {
			isa = XCBuildConfiguration;
			buildSettings = {
				ALWAYS_SEARCH_USER_PATHS = NO;
				ASSETCATALOG_COMPILER_GENERATE_SWIFT_ASSET_SYMBOL_EXTENSIONS = YES;
				CLANG_ANALYZER_NONNULL = YES;
				CLANG_ANALYZER_NUMBER_OBJECT_CONVERSION = YES_AGGRESSIVE;
				CLANG_CXX_LANGUAGE_STANDARD = "gnu++20";
				CLANG_ENABLE_MODULES = YES;
				CLANG_ENABLE_OBJC_ARC = YES;
				CLANG_ENABLE_OBJC_WEAK = YES;
				CLANG_WARN_BLOCK_CAPTURE_AUTORELEASING = YES;
				CLANG_WARN_BOOL_CONVERSION = YES;
				CLANG_WARN_COMMA = YES;
				CLANG_WARN_CONSTANT_CONVERSION = YES;
				CLANG_WARN_DEPRECATED_OBJC_IMPLEMENTATIONS = YES;
				CLANG_WARN_DIRECT_OBJC_ISA_USAGE = YES_ERROR;
				CLANG_WARN_DOCUMENTATION_COMMENTS = YES;
				CLANG_WARN_EMPTY_BODY = YES;
				CLANG_WARN_ENUM_CONVERSION = YES;
				CLANG_WARN_INFINITE_RECURSION = YES;
				CLANG_WARN_INT_CONVERSION = YES;
				CLANG_WARN_NON_LITERAL_NULL_CONVERSION = YES;
				CLANG_WARN_OBJC_IMPLICIT_RETAIN_SELF = YES;
				CLANG_WARN_OBJC_LITERAL_CONVERSION = YES;
				CLANG_WARN_OBJC_ROOT_CLASS = YES_ERROR;
				CLANG_WARN_QUOTED_INCLUDE_IN_FRAMEWORK_HEADER = YES;
				CLANG_WARN_RANGE_LOOP_ANALYSIS = YES;
				CLANG_WARN_STRICT_PROTOTYPES = YES;
				CLANG_WARN_SUSPICIOUS_MOVE = YES;
				CLANG_WARN_UNGUARDED_AVAILABILITY = YES_AGGRESSIVE;
				CLANG_WARN_UNREACHABLE_CODE = YES;
				CLANG_WARN__DUPLICATE_METHOD_MATCH = YES;
				COPY_PHASE_STRIP = NO;
				DEBUG_INFORMATION_FORMAT = dwarf;
				ENABLE_STRICT_OBJC_MSGSEND = YES;
				ENABLE_TESTABILITY = YES;
				ENABLE_USER_SCRIPT_SANDBOXING = YES;
				GCC_C_LANGUAGE_STANDARD = gnu17;
				GCC_DYNAMIC_NO_PIC = NO;
				GCC_NO_COMMON_BLOCKS = YES;
				GCC_OPTIMIZATION_LEVEL = 0;
				GCC_PREPROCESSOR_DEFINITIONS = (
					"DEBUG=1",
					"$(inherited)",
				);
				GCC_WARN_64_TO_32_BIT_CONVERSION = YES;
				GCC_WARN_ABOUT_RETURN_TYPE = YES_ERROR;
				GCC_WARN_UNDECLARED_SELECTOR = YES;
				GCC_WARN_UNINITIALIZED_AUTOS = YES_AGGRESSIVE;
				GCC_WARN_UNUSED_FUNCTION = YES;
				GCC_WARN_UNUSED_VARIABLE = YES;
				IPHONEOS_DEPLOYMENT_TARGET = 17.0;
				LOCALIZATION_PREFERS_STRING_CATALOGS = YES;
				MTL_ENABLE_DEBUG_INFO = INCLUDE_SOURCE;
				MTL_FAST_MATH = YES;
				ONLY_ACTIVE_ARCH = YES;
				SDKROOT = iphoneos;
				SWIFT_ACTIVE_COMPILATION_CONDITIONS = "DEBUG $(inherited)";
				SWIFT_OPTIMIZATION_LEVEL = "-Onone";
			};
			name = Debug;
		};
		7FA27BFA2BECDB5B00BDB1A9 /* Release */ = {
			isa = XCBuildConfiguration;
			buildSettings = {
				ALWAYS_SEARCH_USER_PATHS = NO;
				ASSETCATALOG_COMPILER_GENERATE_SWIFT_ASSET_SYMBOL_EXTENSIONS = YES;
				CLANG_ANALYZER_NONNULL = YES;
				CLANG_ANALYZER_NUMBER_OBJECT_CONVERSION = YES_AGGRESSIVE;
				CLANG_CXX_LANGUAGE_STANDARD = "gnu++20";
				CLANG_ENABLE_MODULES = YES;
				CLANG_ENABLE_OBJC_ARC = YES;
				CLANG_ENABLE_OBJC_WEAK = YES;
				CLANG_WARN_BLOCK_CAPTURE_AUTORELEASING = YES;
				CLANG_WARN_BOOL_CONVERSION = YES;
				CLANG_WARN_COMMA = YES;
				CLANG_WARN_CONSTANT_CONVERSION = YES;
				CLANG_WARN_DEPRECATED_OBJC_IMPLEMENTATIONS = YES;
				CLANG_WARN_DIRECT_OBJC_ISA_USAGE = YES_ERROR;
				CLANG_WARN_DOCUMENTATION_COMMENTS = YES;
				CLANG_WARN_EMPTY_BODY = YES;
				CLANG_WARN_ENUM_CONVERSION = YES;
				CLANG_WARN_INFINITE_RECURSION = YES;
				CLANG_WARN_INT_CONVERSION = YES;
				CLANG_WARN_NON_LITERAL_NULL_CONVERSION = YES;
				CLANG_WARN_OBJC_IMPLICIT_RETAIN_SELF = YES;
				CLANG_WARN_OBJC_LITERAL_CONVERSION = YES;
				CLANG_WARN_OBJC_ROOT_CLASS = YES_ERROR;
				CLANG_WARN_QUOTED_INCLUDE_IN_FRAMEWORK_HEADER = YES;
				CLANG_WARN_RANGE_LOOP_ANALYSIS = YES;
				CLANG_WARN_STRICT_PROTOTYPES = YES;
				CLANG_WARN_SUSPICIOUS_MOVE = YES;
				CLANG_WARN_UNGUARDED_AVAILABILITY = YES_AGGRESSIVE;
				CLANG_WARN_UNREACHABLE_CODE = YES;
				CLANG_WARN__DUPLICATE_METHOD_MATCH = YES;
				COPY_PHASE_STRIP = NO;
				DEBUG_INFORMATION_FORMAT = "dwarf-with-dsym";
				ENABLE_NS_ASSERTIONS = NO;
				ENABLE_STRICT_OBJC_MSGSEND = YES;
				ENABLE_USER_SCRIPT_SANDBOXING = YES;
				GCC_C_LANGUAGE_STANDARD = gnu17;
				GCC_NO_COMMON_BLOCKS = YES;
				GCC_WARN_64_TO_32_BIT_CONVERSION = YES;
				GCC_WARN_ABOUT_RETURN_TYPE = YES_ERROR;
				GCC_WARN_UNDECLARED_SELECTOR = YES;
				GCC_WARN_UNINITIALIZED_AUTOS = YES_AGGRESSIVE;
				GCC_WARN_UNUSED_FUNCTION = YES;
				GCC_WARN_UNUSED_VARIABLE = YES;
				IPHONEOS_DEPLOYMENT_TARGET = 17.0;
				LOCALIZATION_PREFERS_STRING_CATALOGS = YES;
				MTL_ENABLE_DEBUG_INFO = NO;
				MTL_FAST_MATH = YES;
				SDKROOT = iphoneos;
				SWIFT_COMPILATION_MODE = wholemodule;
				VALIDATE_PRODUCT = YES;
			};
			name = Release;
		};
		7FA27BFC2BECDB5B00BDB1A9 /* Debug */ = {
			isa = XCBuildConfiguration;
			buildSettings = {
				ASSETCATALOG_COMPILER_APPICON_NAME = AppIcon;
				ASSETCATALOG_COMPILER_GLOBAL_ACCENT_COLOR_NAME = AccentColor;
				CODE_SIGN_ENTITLEMENTS = Lookbook/Supportings/Lookbook.entitlements;
				CODE_SIGN_STYLE = Automatic;
				CURRENT_PROJECT_VERSION = 1;
				DEVELOPMENT_TEAM = 3XVAQ6DRC4;
				GENERATE_INFOPLIST_FILE = YES;
				INFOPLIST_FILE = Lookbook/Supportings/Info.plist;
				INFOPLIST_KEY_CFBundleDisplayName = "Look Weather";
				INFOPLIST_KEY_NSLocationWhenInUseUsageDescription = "현재 위치의 날씨 정보를 가져오기 위해 권한을 설정해주세요";
				INFOPLIST_KEY_NSPhotoLibraryUsageDescription = "작년 옷차림 사진을 가져오기 위해 권한을 설정해주세요";
				INFOPLIST_KEY_UIApplicationSupportsIndirectInputEvents = YES;
				INFOPLIST_KEY_UILaunchStoryboardName = LaunchScreen;
				INFOPLIST_KEY_UISupportedInterfaceOrientations = UIInterfaceOrientationPortrait;
				INFOPLIST_KEY_UISupportedInterfaceOrientations_iPad = "UIInterfaceOrientationLandscapeLeft UIInterfaceOrientationLandscapeRight UIInterfaceOrientationPortrait UIInterfaceOrientationPortraitUpsideDown";
				IPHONEOS_DEPLOYMENT_TARGET = 18.0;
				LD_RUNPATH_SEARCH_PATHS = (
					"$(inherited)",
					"@executable_path/Frameworks",
				);
				MARKETING_VERSION = 1.0;
				PRODUCT_BUNDLE_IDENTIFIER = io.doyoung.Lookbook;
				PRODUCT_NAME = "$(TARGET_NAME)";
				SWIFT_EMIT_LOC_STRINGS = YES;
				SWIFT_VERSION = 5.0;
				TARGETED_DEVICE_FAMILY = "1,2";
			};
			name = Debug;
		};
		7FA27BFD2BECDB5B00BDB1A9 /* Release */ = {
			isa = XCBuildConfiguration;
			buildSettings = {
				ASSETCATALOG_COMPILER_APPICON_NAME = AppIcon;
				ASSETCATALOG_COMPILER_GLOBAL_ACCENT_COLOR_NAME = AccentColor;
				CODE_SIGN_ENTITLEMENTS = Lookbook/Supportings/Lookbook.entitlements;
				CODE_SIGN_STYLE = Automatic;
				CURRENT_PROJECT_VERSION = 1;
				DEVELOPMENT_TEAM = 3XVAQ6DRC4;
				GENERATE_INFOPLIST_FILE = YES;
				INFOPLIST_FILE = Lookbook/Supportings/Info.plist;
				INFOPLIST_KEY_CFBundleDisplayName = "Look Weather";
				INFOPLIST_KEY_NSLocationWhenInUseUsageDescription = "현재 위치의 날씨 정보를 가져오기 위해 권한을 설정해주세요";
				INFOPLIST_KEY_NSPhotoLibraryUsageDescription = "작년 옷차림 사진을 가져오기 위해 권한을 설정해주세요";
				INFOPLIST_KEY_UIApplicationSupportsIndirectInputEvents = YES;
				INFOPLIST_KEY_UILaunchStoryboardName = LaunchScreen;
				INFOPLIST_KEY_UISupportedInterfaceOrientations = UIInterfaceOrientationPortrait;
				INFOPLIST_KEY_UISupportedInterfaceOrientations_iPad = "UIInterfaceOrientationLandscapeLeft UIInterfaceOrientationLandscapeRight UIInterfaceOrientationPortrait UIInterfaceOrientationPortraitUpsideDown";
				IPHONEOS_DEPLOYMENT_TARGET = 18.0;
				LD_RUNPATH_SEARCH_PATHS = (
					"$(inherited)",
					"@executable_path/Frameworks",
				);
				MARKETING_VERSION = 1.0;
				PRODUCT_BUNDLE_IDENTIFIER = io.doyoung.Lookbook;
				PRODUCT_NAME = "$(TARGET_NAME)";
				SWIFT_EMIT_LOC_STRINGS = YES;
				SWIFT_VERSION = 5.0;
				TARGETED_DEVICE_FAMILY = "1,2";
			};
			name = Release;
		};
		7FA27BFF2BECDB5B00BDB1A9 /* Debug */ = {
			isa = XCBuildConfiguration;
			buildSettings = {
				BUNDLE_LOADER = "$(TEST_HOST)";
				CODE_SIGN_STYLE = Automatic;
				CURRENT_PROJECT_VERSION = 1;
				DEVELOPMENT_TEAM = 3XVAQ6DRC4;
				GENERATE_INFOPLIST_FILE = YES;
				IPHONEOS_DEPLOYMENT_TARGET = 18.0;
				MARKETING_VERSION = 1.0;
				PRODUCT_BUNDLE_IDENTIFIER = io.doyoung.LookbookTests;
				PRODUCT_NAME = "$(TARGET_NAME)";
				SWIFT_EMIT_LOC_STRINGS = NO;
				SWIFT_VERSION = 5.0;
				TARGETED_DEVICE_FAMILY = "1,2";
				TEST_HOST = "$(BUILT_PRODUCTS_DIR)/Lookbook.app/$(BUNDLE_EXECUTABLE_FOLDER_PATH)/Lookbook";
			};
			name = Debug;
		};
		7FA27C002BECDB5B00BDB1A9 /* Release */ = {
			isa = XCBuildConfiguration;
			buildSettings = {
				BUNDLE_LOADER = "$(TEST_HOST)";
				CODE_SIGN_STYLE = Automatic;
				CURRENT_PROJECT_VERSION = 1;
				DEVELOPMENT_TEAM = 3XVAQ6DRC4;
				GENERATE_INFOPLIST_FILE = YES;
				IPHONEOS_DEPLOYMENT_TARGET = 18.0;
				MARKETING_VERSION = 1.0;
				PRODUCT_BUNDLE_IDENTIFIER = io.doyoung.LookbookTests;
				PRODUCT_NAME = "$(TARGET_NAME)";
				SWIFT_EMIT_LOC_STRINGS = NO;
				SWIFT_VERSION = 5.0;
				TARGETED_DEVICE_FAMILY = "1,2";
				TEST_HOST = "$(BUILT_PRODUCTS_DIR)/Lookbook.app/$(BUNDLE_EXECUTABLE_FOLDER_PATH)/Lookbook";
			};
			name = Release;
		};
		7FA27C022BECDB5B00BDB1A9 /* Debug */ = {
			isa = XCBuildConfiguration;
			buildSettings = {
				CODE_SIGN_STYLE = Automatic;
				CURRENT_PROJECT_VERSION = 1;
				DEVELOPMENT_TEAM = 3XVAQ6DRC4;
				GENERATE_INFOPLIST_FILE = YES;
				IPHONEOS_DEPLOYMENT_TARGET = 18.0;
				MARKETING_VERSION = 1.0;
				PRODUCT_BUNDLE_IDENTIFIER = io.doyoung.LookbookUITests;
				PRODUCT_NAME = "$(TARGET_NAME)";
				SWIFT_EMIT_LOC_STRINGS = NO;
				SWIFT_VERSION = 5.0;
				TARGETED_DEVICE_FAMILY = "1,2";
				TEST_TARGET_NAME = Lookbook;
			};
			name = Debug;
		};
		7FA27C032BECDB5B00BDB1A9 /* Release */ = {
			isa = XCBuildConfiguration;
			buildSettings = {
				CODE_SIGN_STYLE = Automatic;
				CURRENT_PROJECT_VERSION = 1;
				DEVELOPMENT_TEAM = 3XVAQ6DRC4;
				GENERATE_INFOPLIST_FILE = YES;
				IPHONEOS_DEPLOYMENT_TARGET = 18.0;
				MARKETING_VERSION = 1.0;
				PRODUCT_BUNDLE_IDENTIFIER = io.doyoung.LookbookUITests;
				PRODUCT_NAME = "$(TARGET_NAME)";
				SWIFT_EMIT_LOC_STRINGS = NO;
				SWIFT_VERSION = 5.0;
				TARGETED_DEVICE_FAMILY = "1,2";
				TEST_TARGET_NAME = Lookbook;
			};
			name = Release;
		};
/* End XCBuildConfiguration section */

/* Begin XCConfigurationList section */
		7FA27BCC2BECDB5900BDB1A9 /* Build configuration list for PBXProject "Lookbook" */ = {
			isa = XCConfigurationList;
			buildConfigurations = (
				7FA27BF92BECDB5B00BDB1A9 /* Debug */,
				7F6A0F462C5375760069925C /* DEVELOP */,
				7FA27BFA2BECDB5B00BDB1A9 /* Release */,
			);
			defaultConfigurationIsVisible = 0;
			defaultConfigurationName = DEVELOP;
		};
		7FA27BFB2BECDB5B00BDB1A9 /* Build configuration list for PBXNativeTarget "Lookbook" */ = {
			isa = XCConfigurationList;
			buildConfigurations = (
				7FA27BFC2BECDB5B00BDB1A9 /* Debug */,
				7F6A0F472C5375760069925C /* DEVELOP */,
				7FA27BFD2BECDB5B00BDB1A9 /* Release */,
			);
			defaultConfigurationIsVisible = 0;
			defaultConfigurationName = DEVELOP;
		};
		7FA27BFE2BECDB5B00BDB1A9 /* Build configuration list for PBXNativeTarget "LookbookTests" */ = {
			isa = XCConfigurationList;
			buildConfigurations = (
				7FA27BFF2BECDB5B00BDB1A9 /* Debug */,
				7F6A0F482C5375760069925C /* DEVELOP */,
				7FA27C002BECDB5B00BDB1A9 /* Release */,
			);
			defaultConfigurationIsVisible = 0;
			defaultConfigurationName = DEVELOP;
		};
		7FA27C012BECDB5B00BDB1A9 /* Build configuration list for PBXNativeTarget "LookbookUITests" */ = {
			isa = XCConfigurationList;
			buildConfigurations = (
				7FA27C022BECDB5B00BDB1A9 /* Debug */,
				7F6A0F492C5375760069925C /* DEVELOP */,
				7FA27C032BECDB5B00BDB1A9 /* Release */,
			);
			defaultConfigurationIsVisible = 0;
			defaultConfigurationName = DEVELOP;
		};
/* End XCConfigurationList section */

/* Begin XCRemoteSwiftPackageReference section */
		7F3A3B8C2CDDE87100318AB0 /* XCRemoteSwiftPackageReference "Swinject" */ = {
			isa = XCRemoteSwiftPackageReference;
			repositoryURL = "https://github.com/Swinject/Swinject.git";
			requirement = {
				kind = upToNextMajorVersion;
				minimumVersion = 2.9.1;
			};
		};
/* End XCRemoteSwiftPackageReference section */

/* Begin XCSwiftPackageProductDependency section */
		7F04D1572CE1096E000813D4 /* Swinject-Dynamic */ = {
			isa = XCSwiftPackageProductDependency;
			package = 7F3A3B8C2CDDE87100318AB0 /* XCRemoteSwiftPackageReference "Swinject" */;
			productName = "Swinject-Dynamic";
		};
		7F1672E62CEC21AA00C25110 /* Swinject-Dynamic */ = {
			isa = XCSwiftPackageProductDependency;
			package = 7F3A3B8C2CDDE87100318AB0 /* XCRemoteSwiftPackageReference "Swinject" */;
			productName = "Swinject-Dynamic";
		};
/* End XCSwiftPackageProductDependency section */
	};
	rootObject = 7FA27BC92BECDB5900BDB1A9 /* Project object */;
}
