// !$*UTF8*$!
{
	archiveVersion = 1;
	classes = {
	};
	objectVersion = 56;
	objects = {

/* Begin PBXBuildFile section */
		7F01F4E52BFEEFEB009B78BD /* WeatherRepository.swift in Sources */ = {isa = PBXBuildFile; fileRef = 7F01F4E42BFEEFEB009B78BD /* WeatherRepository.swift */; };
		7F1367232C27B24B00C55FB5 /* LocationInfo.swift in Sources */ = {isa = PBXBuildFile; fileRef = 7F1367222C27B24B00C55FB5 /* LocationInfo.swift */; };
		7F1844212C16A2A100591A6D /* TodayModel.swift in Sources */ = {isa = PBXBuildFile; fileRef = 7F1844202C16A2A100591A6D /* TodayModel.swift */; };
		7F3510F12C3E5251003612F6 /* PHAsset+Extension.swift in Sources */ = {isa = PBXBuildFile; fileRef = 7F3510F02C3E5251003612F6 /* PHAsset+Extension.swift */; };
		7F3510F32C3E549F003612F6 /* AsyncImage.swift in Sources */ = {isa = PBXBuildFile; fileRef = 7F3510F22C3E549F003612F6 /* AsyncImage.swift */; };
		7F35116F2C42040A003612F6 /* PhotosService+Predicate.swift in Sources */ = {isa = PBXBuildFile; fileRef = 7F35116E2C42040A003612F6 /* PhotosService+Predicate.swift */; };
		7F3B76802C0D5488001ECDDB /* PhotosRepositoryTests.swift in Sources */ = {isa = PBXBuildFile; fileRef = 7F3B767F2C0D5488001ECDDB /* PhotosRepositoryTests.swift */; };
		7F3B76822C0D54E1001ECDDB /* PhotosServiceSpy.swift in Sources */ = {isa = PBXBuildFile; fileRef = 7F3B76812C0D54E1001ECDDB /* PhotosServiceSpy.swift */; };
		7F3B76862C0D6F9C001ECDDB /* PhotosAuthStatus.swift in Sources */ = {isa = PBXBuildFile; fileRef = 7F3B76852C0D6F9C001ECDDB /* PhotosAuthStatus.swift */; };
		7F3B76882C0D7773001ECDDB /* PhotosUseCaseTests.swift in Sources */ = {isa = PBXBuildFile; fileRef = 7F3B76872C0D7773001ECDDB /* PhotosUseCaseTests.swift */; };
		7F3B768B2C0D77F8001ECDDB /* PhotosRepositorySpy.swift in Sources */ = {isa = PBXBuildFile; fileRef = 7F3B768A2C0D77F8001ECDDB /* PhotosRepositorySpy.swift */; };
		7F4948082C06D246004CD52F /* CoreLocationServiceSpy.swift in Sources */ = {isa = PBXBuildFile; fileRef = 7F4948072C06D246004CD52F /* CoreLocationServiceSpy.swift */; };
		7F4DCD1F2C2AA3D600343EDA /* Date+Helper.swift in Sources */ = {isa = PBXBuildFile; fileRef = 7F4DCD1E2C2AA3D600343EDA /* Date+Helper.swift */; };
		7F4F8D282C058CAF007B9F74 /* TodayViewControllerTests.swift in Sources */ = {isa = PBXBuildFile; fileRef = 7F4F8D272C058CAF007B9F74 /* TodayViewControllerTests.swift */; };
		7F6A0F262C4CA5270069925C /* HourlyWeather.swift in Sources */ = {isa = PBXBuildFile; fileRef = 7F6A0F252C4CA5270069925C /* HourlyWeather.swift */; };
		7F6A0F282C4CA5720069925C /* DailyWeather.swift in Sources */ = {isa = PBXBuildFile; fileRef = 7F6A0F272C4CA5720069925C /* DailyWeather.swift */; };
		7F6A0F2A2C4CA5B20069925C /* Measurement<UnitTemperature>+Rouded.swift in Sources */ = {isa = PBXBuildFile; fileRef = 7F6A0F292C4CA5B20069925C /* Measurement<UnitTemperature>+Rouded.swift */; };
		7F77240B2C0EF31C00C01394 /* PhotosUseCaseSpy.swift in Sources */ = {isa = PBXBuildFile; fileRef = 7F77240A2C0EF31C00C01394 /* PhotosUseCaseSpy.swift */; };
		7F929F2D2C1C2098001F48E7 /* GetCurrentLocationUseCaseTests.swift in Sources */ = {isa = PBXBuildFile; fileRef = 7F929F2C2C1C2098001F48E7 /* GetCurrentLocationUseCaseTests.swift */; };
		7F929F2F2C1D3324001F48E7 /* GetCurrentLocationUseCaseSpy.swift in Sources */ = {isa = PBXBuildFile; fileRef = 7F929F2E2C1D3324001F48E7 /* GetCurrentLocationUseCaseSpy.swift */; };
		7F929F332C1D5362001F48E7 /* WeatherRepositorySpy.swift in Sources */ = {isa = PBXBuildFile; fileRef = 7F929F322C1D5362001F48E7 /* WeatherRepositorySpy.swift */; };
		7F929F362C1D67A0001F48E7 /* WeatherOfLocation.swift in Sources */ = {isa = PBXBuildFile; fileRef = 7F929F352C1D67A0001F48E7 /* WeatherOfLocation.swift */; };
		7FA27BD52BECDB5900BDB1A9 /* AppDelegate.swift in Sources */ = {isa = PBXBuildFile; fileRef = 7FA27BD42BECDB5900BDB1A9 /* AppDelegate.swift */; };
		7FA27BD72BECDB5900BDB1A9 /* SceneDelegate.swift in Sources */ = {isa = PBXBuildFile; fileRef = 7FA27BD62BECDB5900BDB1A9 /* SceneDelegate.swift */; };
		7FA27BD92BECDB5900BDB1A9 /* ViewController.swift in Sources */ = {isa = PBXBuildFile; fileRef = 7FA27BD82BECDB5900BDB1A9 /* ViewController.swift */; };
		7FA27BDE2BECDB5A00BDB1A9 /* Assets.xcassets in Resources */ = {isa = PBXBuildFile; fileRef = 7FA27BDD2BECDB5A00BDB1A9 /* Assets.xcassets */; };
		7FA27BE12BECDB5A00BDB1A9 /* LaunchScreen.storyboard in Resources */ = {isa = PBXBuildFile; fileRef = 7FA27BDF2BECDB5A00BDB1A9 /* LaunchScreen.storyboard */; };
		7FA27BEC2BECDB5B00BDB1A9 /* LookbookTests.swift in Sources */ = {isa = PBXBuildFile; fileRef = 7FA27BEB2BECDB5B00BDB1A9 /* LookbookTests.swift */; };
		7FA27BF62BECDB5B00BDB1A9 /* LookbookUITests.swift in Sources */ = {isa = PBXBuildFile; fileRef = 7FA27BF52BECDB5B00BDB1A9 /* LookbookUITests.swift */; };
		7FA27BF82BECDB5B00BDB1A9 /* LookbookUITestsLaunchTests.swift in Sources */ = {isa = PBXBuildFile; fileRef = 7FA27BF72BECDB5B00BDB1A9 /* LookbookUITestsLaunchTests.swift */; };
		7FB1E1092C129E8D004BDB9F /* LocationRepository.swift in Sources */ = {isa = PBXBuildFile; fileRef = 7FB1E1082C129E8D004BDB9F /* LocationRepository.swift */; };
		7FB1E10B2C12AC8C004BDB9F /* RequestLocationAuthorizationLocationUseCase.swift in Sources */ = {isa = PBXBuildFile; fileRef = 7FB1E10A2C12AC8C004BDB9F /* RequestLocationAuthorizationLocationUseCase.swift */; };
		7FB1E10D2C12B550004BDB9F /* LocationRepositoryTests.swift in Sources */ = {isa = PBXBuildFile; fileRef = 7FB1E10C2C12B550004BDB9F /* LocationRepositoryTests.swift */; };
		7FB1E10F2C12C4C6004BDB9F /* RequestLocationAuthorizationUseCaseTests.swift in Sources */ = {isa = PBXBuildFile; fileRef = 7FB1E10E2C12C4C6004BDB9F /* RequestLocationAuthorizationUseCaseTests.swift */; };
		7FB1E1112C12C555004BDB9F /* LocationRepositorySpy.swift in Sources */ = {isa = PBXBuildFile; fileRef = 7FB1E1102C12C555004BDB9F /* LocationRepositorySpy.swift */; };
		7FB1E1132C12D7F8004BDB9F /* RequestLocationAuthorizationUseCaseSpy.swift in Sources */ = {isa = PBXBuildFile; fileRef = 7FB1E1122C12D7F8004BDB9F /* RequestLocationAuthorizationUseCaseSpy.swift */; };
		7FB2D7E52BF479C0001BA4FB /* OutfitV1.mlmodel in Sources */ = {isa = PBXBuildFile; fileRef = 7FB2D7E42BF479C0001BA4FB /* OutfitV1.mlmodel */; };
		7FB2D7E72BF483EC001BA4FB /* PhotosService.swift in Sources */ = {isa = PBXBuildFile; fileRef = 7FB2D7E62BF483EC001BA4FB /* PhotosService.swift */; };
		7FB2D7F02BF6F771001BA4FB /* OutfitImagePredictor.swift in Sources */ = {isa = PBXBuildFile; fileRef = 7FB2D7EF2BF6F771001BA4FB /* OutfitImagePredictor.swift */; };
		7FB5C2A62C3252A20061C763 /* PhotosServiceTests.swift in Sources */ = {isa = PBXBuildFile; fileRef = 7FB5C2A52C3252A20061C763 /* PhotosServiceTests.swift */; };
		7FB673C92C44B28C009DFDB8 /* PhotosWorker.swift in Sources */ = {isa = PBXBuildFile; fileRef = 7FB673C82C44B28C009DFDB8 /* PhotosWorker.swift */; };
		7FB673CC2C460145009DFDB8 /* WeatherOutfitView.swift in Sources */ = {isa = PBXBuildFile; fileRef = 7FB673CB2C460145009DFDB8 /* WeatherOutfitView.swift */; };
		7FB673CE2C46AED9009DFDB8 /* OutfitPhoto.swift in Sources */ = {isa = PBXBuildFile; fileRef = 7FB673CD2C46AED9009DFDB8 /* OutfitPhoto.swift */; };
		7FC02EB02BFAE4FB00217CAE /* FetchedImage.swift in Sources */ = {isa = PBXBuildFile; fileRef = 7FC02EAF2BFAE4FB00217CAE /* FetchedImage.swift */; };
		7FC02EB22BFAEC1C00217CAE /* TodayRootView.swift in Sources */ = {isa = PBXBuildFile; fileRef = 7FC02EB12BFAEC1C00217CAE /* TodayRootView.swift */; };
		7FC02EB52BFB063700217CAE /* sample_image.JPG in Resources */ = {isa = PBXBuildFile; fileRef = 7FC02EB42BFB063700217CAE /* sample_image.JPG */; };
		7FC7B9DB2C003B0B00558C51 /* CoreLocationService.swift in Sources */ = {isa = PBXBuildFile; fileRef = 7FC7B9DA2C003B0B00558C51 /* CoreLocationService.swift */; };
		7FCB8E682C195460004AB8AC /* GetLocationAuthorizationUseCaseTests.swift in Sources */ = {isa = PBXBuildFile; fileRef = 7FCB8E672C195460004AB8AC /* GetLocationAuthorizationUseCaseTests.swift */; };
		7FCB8E6A2C196895004AB8AC /* GetLocationAuthorizationUseCaseSpy.swift in Sources */ = {isa = PBXBuildFile; fileRef = 7FCB8E692C196895004AB8AC /* GetLocationAuthorizationUseCaseSpy.swift */; };
		7FEA55A72C100812008F7B4A /* LocationAuthStatus.swift in Sources */ = {isa = PBXBuildFile; fileRef = 7FEA55A62C100812008F7B4A /* LocationAuthStatus.swift */; };
		7FEC5A382C23F78F00505636 /* CurrentlyWeather.swift in Sources */ = {isa = PBXBuildFile; fileRef = 7FEC5A372C23F78F00505636 /* CurrentlyWeather.swift */; };
		7FF58FF42BFD9C4200BBFDDE /* TodayViewController.swift in Sources */ = {isa = PBXBuildFile; fileRef = 7FF58FF32BFD9C4200BBFDDE /* TodayViewController.swift */; };
		7FF58FF62BFDAD8700BBFDDE /* FetchedPhotoAssets.swift in Sources */ = {isa = PBXBuildFile; fileRef = 7FF58FF52BFDAD8700BBFDDE /* FetchedPhotoAssets.swift */; };
		7FF58FF82BFDAE2600BBFDDE /* AuthorizationStatus.swift in Sources */ = {isa = PBXBuildFile; fileRef = 7FF58FF72BFDAE2600BBFDDE /* AuthorizationStatus.swift */; };
/* End PBXBuildFile section */

/* Begin PBXContainerItemProxy section */
		7FA27BE82BECDB5B00BDB1A9 /* PBXContainerItemProxy */ = {
			isa = PBXContainerItemProxy;
			containerPortal = 7FA27BC92BECDB5900BDB1A9 /* Project object */;
			proxyType = 1;
			remoteGlobalIDString = 7FA27BD02BECDB5900BDB1A9;
			remoteInfo = Lookbook;
		};
		7FA27BF22BECDB5B00BDB1A9 /* PBXContainerItemProxy */ = {
			isa = PBXContainerItemProxy;
			containerPortal = 7FA27BC92BECDB5900BDB1A9 /* Project object */;
			proxyType = 1;
			remoteGlobalIDString = 7FA27BD02BECDB5900BDB1A9;
			remoteInfo = Lookbook;
		};
/* End PBXContainerItemProxy section */

/* Begin PBXFileReference section */
		7F01F4E42BFEEFEB009B78BD /* WeatherRepository.swift */ = {isa = PBXFileReference; lastKnownFileType = sourcecode.swift; path = WeatherRepository.swift; sourceTree = "<group>"; };
		7F1367222C27B24B00C55FB5 /* LocationInfo.swift */ = {isa = PBXFileReference; lastKnownFileType = sourcecode.swift; path = LocationInfo.swift; sourceTree = "<group>"; };
		7F1844202C16A2A100591A6D /* TodayModel.swift */ = {isa = PBXFileReference; lastKnownFileType = sourcecode.swift; path = TodayModel.swift; sourceTree = "<group>"; };
		7F3510F02C3E5251003612F6 /* PHAsset+Extension.swift */ = {isa = PBXFileReference; lastKnownFileType = sourcecode.swift; path = "PHAsset+Extension.swift"; sourceTree = "<group>"; };
		7F3510F22C3E549F003612F6 /* AsyncImage.swift */ = {isa = PBXFileReference; lastKnownFileType = sourcecode.swift; path = AsyncImage.swift; sourceTree = "<group>"; };
		7F35116E2C42040A003612F6 /* PhotosService+Predicate.swift */ = {isa = PBXFileReference; lastKnownFileType = sourcecode.swift; path = "PhotosService+Predicate.swift"; sourceTree = "<group>"; };
		7F3B767F2C0D5488001ECDDB /* PhotosRepositoryTests.swift */ = {isa = PBXFileReference; lastKnownFileType = sourcecode.swift; path = PhotosRepositoryTests.swift; sourceTree = "<group>"; };
		7F3B76812C0D54E1001ECDDB /* PhotosServiceSpy.swift */ = {isa = PBXFileReference; lastKnownFileType = sourcecode.swift; path = PhotosServiceSpy.swift; sourceTree = "<group>"; };
		7F3B76852C0D6F9C001ECDDB /* PhotosAuthStatus.swift */ = {isa = PBXFileReference; lastKnownFileType = sourcecode.swift; path = PhotosAuthStatus.swift; sourceTree = "<group>"; };
		7F3B76872C0D7773001ECDDB /* PhotosUseCaseTests.swift */ = {isa = PBXFileReference; lastKnownFileType = sourcecode.swift; path = PhotosUseCaseTests.swift; sourceTree = "<group>"; };
		7F3B768A2C0D77F8001ECDDB /* PhotosRepositorySpy.swift */ = {isa = PBXFileReference; lastKnownFileType = sourcecode.swift; path = PhotosRepositorySpy.swift; sourceTree = "<group>"; };
		7F4948072C06D246004CD52F /* CoreLocationServiceSpy.swift */ = {isa = PBXFileReference; lastKnownFileType = sourcecode.swift; path = CoreLocationServiceSpy.swift; sourceTree = "<group>"; };
		7F4DCD1E2C2AA3D600343EDA /* Date+Helper.swift */ = {isa = PBXFileReference; lastKnownFileType = sourcecode.swift; path = "Date+Helper.swift"; sourceTree = "<group>"; };
		7F4F8D272C058CAF007B9F74 /* TodayViewControllerTests.swift */ = {isa = PBXFileReference; lastKnownFileType = sourcecode.swift; path = TodayViewControllerTests.swift; sourceTree = "<group>"; };
		7F6A0F252C4CA5270069925C /* HourlyWeather.swift */ = {isa = PBXFileReference; lastKnownFileType = sourcecode.swift; path = HourlyWeather.swift; sourceTree = "<group>"; };
		7F6A0F272C4CA5720069925C /* DailyWeather.swift */ = {isa = PBXFileReference; lastKnownFileType = sourcecode.swift; path = DailyWeather.swift; sourceTree = "<group>"; };
		7F6A0F292C4CA5B20069925C /* Measurement<UnitTemperature>+Rouded.swift */ = {isa = PBXFileReference; lastKnownFileType = sourcecode.swift; path = "Measurement<UnitTemperature>+Rouded.swift"; sourceTree = "<group>"; };
		7F77240A2C0EF31C00C01394 /* PhotosUseCaseSpy.swift */ = {isa = PBXFileReference; lastKnownFileType = sourcecode.swift; path = PhotosUseCaseSpy.swift; sourceTree = "<group>"; };
		7F929F2C2C1C2098001F48E7 /* GetCurrentLocationUseCaseTests.swift */ = {isa = PBXFileReference; lastKnownFileType = sourcecode.swift; path = GetCurrentLocationUseCaseTests.swift; sourceTree = "<group>"; };
		7F929F2E2C1D3324001F48E7 /* GetCurrentLocationUseCaseSpy.swift */ = {isa = PBXFileReference; lastKnownFileType = sourcecode.swift; path = GetCurrentLocationUseCaseSpy.swift; sourceTree = "<group>"; };
		7F929F322C1D5362001F48E7 /* WeatherRepositorySpy.swift */ = {isa = PBXFileReference; lastKnownFileType = sourcecode.swift; path = WeatherRepositorySpy.swift; sourceTree = "<group>"; };
		7F929F352C1D67A0001F48E7 /* WeatherOfLocation.swift */ = {isa = PBXFileReference; lastKnownFileType = sourcecode.swift; path = WeatherOfLocation.swift; sourceTree = "<group>"; };
		7FA27BD12BECDB5900BDB1A9 /* Lookbook.app */ = {isa = PBXFileReference; explicitFileType = wrapper.application; includeInIndex = 0; path = Lookbook.app; sourceTree = BUILT_PRODUCTS_DIR; };
		7FA27BD42BECDB5900BDB1A9 /* AppDelegate.swift */ = {isa = PBXFileReference; lastKnownFileType = sourcecode.swift; path = AppDelegate.swift; sourceTree = "<group>"; };
		7FA27BD62BECDB5900BDB1A9 /* SceneDelegate.swift */ = {isa = PBXFileReference; lastKnownFileType = sourcecode.swift; path = SceneDelegate.swift; sourceTree = "<group>"; };
		7FA27BD82BECDB5900BDB1A9 /* ViewController.swift */ = {isa = PBXFileReference; lastKnownFileType = sourcecode.swift; path = ViewController.swift; sourceTree = "<group>"; };
		7FA27BDD2BECDB5A00BDB1A9 /* Assets.xcassets */ = {isa = PBXFileReference; lastKnownFileType = folder.assetcatalog; path = Assets.xcassets; sourceTree = "<group>"; };
		7FA27BE02BECDB5A00BDB1A9 /* Base */ = {isa = PBXFileReference; lastKnownFileType = file.storyboard; name = Base; path = Base.lproj/LaunchScreen.storyboard; sourceTree = "<group>"; };
		7FA27BE22BECDB5A00BDB1A9 /* Info.plist */ = {isa = PBXFileReference; lastKnownFileType = text.plist.xml; path = Info.plist; sourceTree = "<group>"; };
		7FA27BE72BECDB5B00BDB1A9 /* LookbookTests.xctest */ = {isa = PBXFileReference; explicitFileType = wrapper.cfbundle; includeInIndex = 0; path = LookbookTests.xctest; sourceTree = BUILT_PRODUCTS_DIR; };
		7FA27BEB2BECDB5B00BDB1A9 /* LookbookTests.swift */ = {isa = PBXFileReference; lastKnownFileType = sourcecode.swift; path = LookbookTests.swift; sourceTree = "<group>"; };
		7FA27BF12BECDB5B00BDB1A9 /* LookbookUITests.xctest */ = {isa = PBXFileReference; explicitFileType = wrapper.cfbundle; includeInIndex = 0; path = LookbookUITests.xctest; sourceTree = BUILT_PRODUCTS_DIR; };
		7FA27BF52BECDB5B00BDB1A9 /* LookbookUITests.swift */ = {isa = PBXFileReference; lastKnownFileType = sourcecode.swift; path = LookbookUITests.swift; sourceTree = "<group>"; };
		7FA27BF72BECDB5B00BDB1A9 /* LookbookUITestsLaunchTests.swift */ = {isa = PBXFileReference; lastKnownFileType = sourcecode.swift; path = LookbookUITestsLaunchTests.swift; sourceTree = "<group>"; };
		7FB1E1082C129E8D004BDB9F /* LocationRepository.swift */ = {isa = PBXFileReference; lastKnownFileType = sourcecode.swift; path = LocationRepository.swift; sourceTree = "<group>"; };
		7FB1E10A2C12AC8C004BDB9F /* RequestLocationAuthorizationLocationUseCase.swift */ = {isa = PBXFileReference; lastKnownFileType = sourcecode.swift; path = RequestLocationAuthorizationLocationUseCase.swift; sourceTree = "<group>"; };
		7FB1E10C2C12B550004BDB9F /* LocationRepositoryTests.swift */ = {isa = PBXFileReference; lastKnownFileType = sourcecode.swift; path = LocationRepositoryTests.swift; sourceTree = "<group>"; };
		7FB1E10E2C12C4C6004BDB9F /* RequestLocationAuthorizationUseCaseTests.swift */ = {isa = PBXFileReference; lastKnownFileType = sourcecode.swift; path = RequestLocationAuthorizationUseCaseTests.swift; sourceTree = "<group>"; };
		7FB1E1102C12C555004BDB9F /* LocationRepositorySpy.swift */ = {isa = PBXFileReference; lastKnownFileType = sourcecode.swift; path = LocationRepositorySpy.swift; sourceTree = "<group>"; };
		7FB1E1122C12D7F8004BDB9F /* RequestLocationAuthorizationUseCaseSpy.swift */ = {isa = PBXFileReference; lastKnownFileType = sourcecode.swift; path = RequestLocationAuthorizationUseCaseSpy.swift; sourceTree = "<group>"; };
		7FB2D7E42BF479C0001BA4FB /* OutfitV1.mlmodel */ = {isa = PBXFileReference; lastKnownFileType = file.mlmodel; name = OutfitV1.mlmodel; path = ../../../../../../../ML/OutfitV1.mlmodel; sourceTree = "<group>"; };
		7FB2D7E62BF483EC001BA4FB /* PhotosService.swift */ = {isa = PBXFileReference; lastKnownFileType = sourcecode.swift; path = PhotosService.swift; sourceTree = "<group>"; };
		7FB2D7EF2BF6F771001BA4FB /* OutfitImagePredictor.swift */ = {isa = PBXFileReference; lastKnownFileType = sourcecode.swift; path = OutfitImagePredictor.swift; sourceTree = "<group>"; };
		7FB2D7F22BF85972001BA4FB /* Lookbook.entitlements */ = {isa = PBXFileReference; lastKnownFileType = text.plist.entitlements; path = Lookbook.entitlements; sourceTree = "<group>"; };
		7FB5C2A52C3252A20061C763 /* PhotosServiceTests.swift */ = {isa = PBXFileReference; lastKnownFileType = sourcecode.swift; path = PhotosServiceTests.swift; sourceTree = "<group>"; };
		7FB673C82C44B28C009DFDB8 /* PhotosWorker.swift */ = {isa = PBXFileReference; lastKnownFileType = sourcecode.swift; path = PhotosWorker.swift; sourceTree = "<group>"; };
		7FB673CB2C460145009DFDB8 /* WeatherOutfitView.swift */ = {isa = PBXFileReference; lastKnownFileType = sourcecode.swift; path = WeatherOutfitView.swift; sourceTree = "<group>"; };
		7FB673CD2C46AED9009DFDB8 /* OutfitPhoto.swift */ = {isa = PBXFileReference; lastKnownFileType = sourcecode.swift; path = OutfitPhoto.swift; sourceTree = "<group>"; };
		7FC02EAF2BFAE4FB00217CAE /* FetchedImage.swift */ = {isa = PBXFileReference; lastKnownFileType = sourcecode.swift; path = FetchedImage.swift; sourceTree = "<group>"; };
		7FC02EB12BFAEC1C00217CAE /* TodayRootView.swift */ = {isa = PBXFileReference; lastKnownFileType = sourcecode.swift; path = TodayRootView.swift; sourceTree = "<group>"; };
		7FC02EB42BFB063700217CAE /* sample_image.JPG */ = {isa = PBXFileReference; lastKnownFileType = image.jpeg; path = sample_image.JPG; sourceTree = "<group>"; };
		7FC7B9DA2C003B0B00558C51 /* CoreLocationService.swift */ = {isa = PBXFileReference; lastKnownFileType = sourcecode.swift; path = CoreLocationService.swift; sourceTree = "<group>"; };
		7FCB8E672C195460004AB8AC /* GetLocationAuthorizationUseCaseTests.swift */ = {isa = PBXFileReference; lastKnownFileType = sourcecode.swift; path = GetLocationAuthorizationUseCaseTests.swift; sourceTree = "<group>"; };
		7FCB8E692C196895004AB8AC /* GetLocationAuthorizationUseCaseSpy.swift */ = {isa = PBXFileReference; lastKnownFileType = sourcecode.swift; path = GetLocationAuthorizationUseCaseSpy.swift; sourceTree = "<group>"; };
		7FEA55A62C100812008F7B4A /* LocationAuthStatus.swift */ = {isa = PBXFileReference; lastKnownFileType = sourcecode.swift; path = LocationAuthStatus.swift; sourceTree = "<group>"; };
		7FEC5A372C23F78F00505636 /* CurrentlyWeather.swift */ = {isa = PBXFileReference; lastKnownFileType = sourcecode.swift; path = CurrentlyWeather.swift; sourceTree = "<group>"; };
		7FF58FF32BFD9C4200BBFDDE /* TodayViewController.swift */ = {isa = PBXFileReference; lastKnownFileType = sourcecode.swift; path = TodayViewController.swift; sourceTree = "<group>"; };
		7FF58FF52BFDAD8700BBFDDE /* FetchedPhotoAssets.swift */ = {isa = PBXFileReference; lastKnownFileType = sourcecode.swift; path = FetchedPhotoAssets.swift; sourceTree = "<group>"; };
		7FF58FF72BFDAE2600BBFDDE /* AuthorizationStatus.swift */ = {isa = PBXFileReference; lastKnownFileType = sourcecode.swift; path = AuthorizationStatus.swift; sourceTree = "<group>"; };
/* End PBXFileReference section */

/* Begin PBXFrameworksBuildPhase section */
		7FA27BCE2BECDB5900BDB1A9 /* Frameworks */ = {
			isa = PBXFrameworksBuildPhase;
			buildActionMask = 2147483647;
			files = (
			);
			runOnlyForDeploymentPostprocessing = 0;
		};
		7FA27BE42BECDB5B00BDB1A9 /* Frameworks */ = {
			isa = PBXFrameworksBuildPhase;
			buildActionMask = 2147483647;
			files = (
			);
			runOnlyForDeploymentPostprocessing = 0;
		};
		7FA27BEE2BECDB5B00BDB1A9 /* Frameworks */ = {
			isa = PBXFrameworksBuildPhase;
			buildActionMask = 2147483647;
			files = (
			);
			runOnlyForDeploymentPostprocessing = 0;
		};
/* End PBXFrameworksBuildPhase section */

/* Begin PBXGroup section */
		7F3B76892C0D77DB001ECDDB /* Test Doubles */ = {
			isa = PBXGroup;
			children = (
				7F4948072C06D246004CD52F /* CoreLocationServiceSpy.swift */,
				7F3B76812C0D54E1001ECDDB /* PhotosServiceSpy.swift */,
				7F3B768A2C0D77F8001ECDDB /* PhotosRepositorySpy.swift */,
				7F77240A2C0EF31C00C01394 /* PhotosUseCaseSpy.swift */,
				7FB1E1102C12C555004BDB9F /* LocationRepositorySpy.swift */,
				7FB1E1122C12D7F8004BDB9F /* RequestLocationAuthorizationUseCaseSpy.swift */,
				7FCB8E692C196895004AB8AC /* GetLocationAuthorizationUseCaseSpy.swift */,
				7F929F2E2C1D3324001F48E7 /* GetCurrentLocationUseCaseSpy.swift */,
				7F929F322C1D5362001F48E7 /* WeatherRepositorySpy.swift */,
			);
			path = "Test Doubles";
			sourceTree = "<group>";
		};
		7F4948092C06FA03004CD52F /* Service */ = {
			isa = PBXGroup;
			children = (
				7FC7B9DA2C003B0B00558C51 /* CoreLocationService.swift */,
				7F49480C2C06FA2F004CD52F /* Photos */,
			);
			path = Service;
			sourceTree = "<group>";
		};
		7F49480C2C06FA2F004CD52F /* Photos */ = {
			isa = PBXGroup;
			children = (
				7FB2D7E62BF483EC001BA4FB /* PhotosService.swift */,
				7F3510F02C3E5251003612F6 /* PHAsset+Extension.swift */,
				7F3510F22C3E549F003612F6 /* AsyncImage.swift */,
				7F35116E2C42040A003612F6 /* PhotosService+Predicate.swift */,
			);
			name = Photos;
			sourceTree = "<group>";
		};
		7F4DCD1D2C2AA05200343EDA /* Weather */ = {
			isa = PBXGroup;
			children = (
				7FEC5A372C23F78F00505636 /* CurrentlyWeather.swift */,
				7F6A0F252C4CA5270069925C /* HourlyWeather.swift */,
				7F01F4E42BFEEFEB009B78BD /* WeatherRepository.swift */,
				7F6A0F272C4CA5720069925C /* DailyWeather.swift */,
				7F6A0F292C4CA5B20069925C /* Measurement<UnitTemperature>+Rouded.swift */,
			);
			path = Weather;
			sourceTree = "<group>";
		};
		7F4E68912C0021FF0091F121 /* Today */ = {
			isa = PBXGroup;
			children = (
				7FB673CA2C45FF9B009DFDB8 /* Views */,
				7F1844202C16A2A100591A6D /* TodayModel.swift */,
				7FF58FF32BFD9C4200BBFDDE /* TodayViewController.swift */,
			);
			name = Today;
			sourceTree = "<group>";
		};
		7F929F2A2C1C1D4F001F48E7 /* UseCaseTests */ = {
			isa = PBXGroup;
			children = (
				7F3B76872C0D7773001ECDDB /* PhotosUseCaseTests.swift */,
				7FB1E10E2C12C4C6004BDB9F /* RequestLocationAuthorizationUseCaseTests.swift */,
				7FCB8E672C195460004AB8AC /* GetLocationAuthorizationUseCaseTests.swift */,
				7F929F2C2C1C2098001F48E7 /* GetCurrentLocationUseCaseTests.swift */,
			);
			path = UseCaseTests;
			sourceTree = "<group>";
		};
		7F929F2B2C1C1D6A001F48E7 /* RepositoryTests */ = {
			isa = PBXGroup;
			children = (
				7F3B767F2C0D5488001ECDDB /* PhotosRepositoryTests.swift */,
				7FB1E10C2C12B550004BDB9F /* LocationRepositoryTests.swift */,
			);
			path = RepositoryTests;
			sourceTree = "<group>";
		};
		7F929F342C1D5F63001F48E7 /* Models */ = {
			isa = PBXGroup;
			children = (
				7F3B76852C0D6F9C001ECDDB /* PhotosAuthStatus.swift */,
				7FEA55A62C100812008F7B4A /* LocationAuthStatus.swift */,
				7F929F352C1D67A0001F48E7 /* WeatherOfLocation.swift */,
				7FB673CD2C46AED9009DFDB8 /* OutfitPhoto.swift */,
			);
			path = Models;
			sourceTree = "<group>";
		};
		7FA27BC82BECDB5900BDB1A9 = {
			isa = PBXGroup;
			children = (
				7FA27BD32BECDB5900BDB1A9 /* Lookbook */,
				7FA27BEA2BECDB5B00BDB1A9 /* LookbookTests */,
				7FA27BF42BECDB5B00BDB1A9 /* LookbookUITests */,
				7FA27BD22BECDB5900BDB1A9 /* Products */,
			);
			sourceTree = "<group>";
		};
		7FA27BD22BECDB5900BDB1A9 /* Products */ = {
			isa = PBXGroup;
			children = (
				7FA27BD12BECDB5900BDB1A9 /* Lookbook.app */,
				7FA27BE72BECDB5B00BDB1A9 /* LookbookTests.xctest */,
				7FA27BF12BECDB5B00BDB1A9 /* LookbookUITests.xctest */,
			);
			name = Products;
			sourceTree = "<group>";
		};
		7FA27BD32BECDB5900BDB1A9 /* Lookbook */ = {
			isa = PBXGroup;
			children = (
				7F4948092C06FA03004CD52F /* Service */,
				7FD86DA12C084C720043A571 /* Repositories */,
				7FF58FF92BFDB28B00BBFDDE /* Use Cases */,
				7FC02EB32BFB00E600217CAE /* Resources */,
				7FB2D7F22BF85972001BA4FB /* Lookbook.entitlements */,
				7FB2D7E02BF45E1E001BA4FB /* ML */,
				7FA27BD42BECDB5900BDB1A9 /* AppDelegate.swift */,
				7FA27BD62BECDB5900BDB1A9 /* SceneDelegate.swift */,
				7FA27BD82BECDB5900BDB1A9 /* ViewController.swift */,
				7F929F342C1D5F63001F48E7 /* Models */,
				7FA27BDD2BECDB5A00BDB1A9 /* Assets.xcassets */,
				7FA27BDF2BECDB5A00BDB1A9 /* LaunchScreen.storyboard */,
				7FA27BE22BECDB5A00BDB1A9 /* Info.plist */,
				7F4E68912C0021FF0091F121 /* Today */,
				7FC02EAF2BFAE4FB00217CAE /* FetchedImage.swift */,
				7FF58FF52BFDAD8700BBFDDE /* FetchedPhotoAssets.swift */,
				7FF58FF72BFDAE2600BBFDDE /* AuthorizationStatus.swift */,
				7F4DCD1E2C2AA3D600343EDA /* Date+Helper.swift */,
				7FB673C82C44B28C009DFDB8 /* PhotosWorker.swift */,
			);
			path = Lookbook;
			sourceTree = "<group>";
		};
		7FA27BEA2BECDB5B00BDB1A9 /* LookbookTests */ = {
			isa = PBXGroup;
			children = (
				7F3B76892C0D77DB001ECDDB /* Test Doubles */,
				7FA27BEB2BECDB5B00BDB1A9 /* LookbookTests.swift */,
				7F4F8D272C058CAF007B9F74 /* TodayViewControllerTests.swift */,
				7F929F2B2C1C1D6A001F48E7 /* RepositoryTests */,
				7F929F2A2C1C1D4F001F48E7 /* UseCaseTests */,
				7FB5C2A52C3252A20061C763 /* PhotosServiceTests.swift */,
			);
			path = LookbookTests;
			sourceTree = "<group>";
		};
		7FA27BF42BECDB5B00BDB1A9 /* LookbookUITests */ = {
			isa = PBXGroup;
			children = (
				7FA27BF52BECDB5B00BDB1A9 /* LookbookUITests.swift */,
				7FA27BF72BECDB5B00BDB1A9 /* LookbookUITestsLaunchTests.swift */,
			);
			path = LookbookUITests;
			sourceTree = "<group>";
		};
		7FB2D7E02BF45E1E001BA4FB /* ML */ = {
			isa = PBXGroup;
			children = (
				7FB2D7E12BF46BF8001BA4FB /* Resources */,
				7FB2D7EF2BF6F771001BA4FB /* OutfitImagePredictor.swift */,
			);
			path = ML;
			sourceTree = "<group>";
		};
		7FB2D7E12BF46BF8001BA4FB /* Resources */ = {
			isa = PBXGroup;
			children = (
				7FB2D7E42BF479C0001BA4FB /* OutfitV1.mlmodel */,
			);
			path = Resources;
			sourceTree = "<group>";
		};
		7FB673CA2C45FF9B009DFDB8 /* Views */ = {
			isa = PBXGroup;
			children = (
				7FC02EB12BFAEC1C00217CAE /* TodayRootView.swift */,
				7FB673CB2C460145009DFDB8 /* WeatherOutfitView.swift */,
			);
			name = Views;
			sourceTree = "<group>";
		};
		7FC02EB32BFB00E600217CAE /* Resources */ = {
			isa = PBXGroup;
			children = (
				7FC02EB42BFB063700217CAE /* sample_image.JPG */,
			);
			path = Resources;
			sourceTree = "<group>";
		};
		7FCB8E662C195348004AB8AC /* Location */ = {
			isa = PBXGroup;
			children = (
				7FB1E10A2C12AC8C004BDB9F /* RequestLocationAuthorizationLocationUseCase.swift */,
			);
			name = Location;
			sourceTree = "<group>";
		};
		7FD86DA12C084C720043A571 /* Repositories */ = {
			isa = PBXGroup;
			children = (
				7F4DCD1D2C2AA05200343EDA /* Weather */,
				7FEC5A392C23FB6B00505636 /* Models */,
				7FB1E1082C129E8D004BDB9F /* LocationRepository.swift */,
			);
			path = Repositories;
			sourceTree = "<group>";
		};
		7FEC5A392C23FB6B00505636 /* Models */ = {
			isa = PBXGroup;
			children = (
				7F1367222C27B24B00C55FB5 /* LocationInfo.swift */,
			);
			path = Models;
			sourceTree = "<group>";
		};
		7FF58FF92BFDB28B00BBFDDE /* Use Cases */ = {
			isa = PBXGroup;
			children = (
				7FCB8E662C195348004AB8AC /* Location */,
			);
			name = "Use Cases";
			sourceTree = "<group>";
		};
/* End PBXGroup section */

/* Begin PBXNativeTarget section */
		7FA27BD02BECDB5900BDB1A9 /* Lookbook */ = {
			isa = PBXNativeTarget;
			buildConfigurationList = 7FA27BFB2BECDB5B00BDB1A9 /* Build configuration list for PBXNativeTarget "Lookbook" */;
			buildPhases = (
				7FA27BCD2BECDB5900BDB1A9 /* Sources */,
				7FA27BCE2BECDB5900BDB1A9 /* Frameworks */,
				7FA27BCF2BECDB5900BDB1A9 /* Resources */,
			);
			buildRules = (
			);
			dependencies = (
			);
			name = Lookbook;
			productName = Lookbook;
			productReference = 7FA27BD12BECDB5900BDB1A9 /* Lookbook.app */;
			productType = "com.apple.product-type.application";
		};
		7FA27BE62BECDB5B00BDB1A9 /* LookbookTests */ = {
			isa = PBXNativeTarget;
			buildConfigurationList = 7FA27BFE2BECDB5B00BDB1A9 /* Build configuration list for PBXNativeTarget "LookbookTests" */;
			buildPhases = (
				7FA27BE32BECDB5B00BDB1A9 /* Sources */,
				7FA27BE42BECDB5B00BDB1A9 /* Frameworks */,
				7FA27BE52BECDB5B00BDB1A9 /* Resources */,
			);
			buildRules = (
			);
			dependencies = (
				7FA27BE92BECDB5B00BDB1A9 /* PBXTargetDependency */,
			);
			name = LookbookTests;
			productName = LookbookTests;
			productReference = 7FA27BE72BECDB5B00BDB1A9 /* LookbookTests.xctest */;
			productType = "com.apple.product-type.bundle.unit-test";
		};
		7FA27BF02BECDB5B00BDB1A9 /* LookbookUITests */ = {
			isa = PBXNativeTarget;
			buildConfigurationList = 7FA27C012BECDB5B00BDB1A9 /* Build configuration list for PBXNativeTarget "LookbookUITests" */;
			buildPhases = (
				7FA27BED2BECDB5B00BDB1A9 /* Sources */,
				7FA27BEE2BECDB5B00BDB1A9 /* Frameworks */,
				7FA27BEF2BECDB5B00BDB1A9 /* Resources */,
			);
			buildRules = (
			);
			dependencies = (
				7FA27BF32BECDB5B00BDB1A9 /* PBXTargetDependency */,
			);
			name = LookbookUITests;
			productName = LookbookUITests;
			productReference = 7FA27BF12BECDB5B00BDB1A9 /* LookbookUITests.xctest */;
			productType = "com.apple.product-type.bundle.ui-testing";
		};
/* End PBXNativeTarget section */

/* Begin PBXProject section */
		7FA27BC92BECDB5900BDB1A9 /* Project object */ = {
			isa = PBXProject;
			attributes = {
				BuildIndependentTargetsInParallel = 1;
				LastSwiftUpdateCheck = 1520;
				LastUpgradeCheck = 1520;
				TargetAttributes = {
					7FA27BD02BECDB5900BDB1A9 = {
						CreatedOnToolsVersion = 15.2;
					};
					7FA27BE62BECDB5B00BDB1A9 = {
						CreatedOnToolsVersion = 15.2;
						TestTargetID = 7FA27BD02BECDB5900BDB1A9;
					};
					7FA27BF02BECDB5B00BDB1A9 = {
						CreatedOnToolsVersion = 15.2;
						TestTargetID = 7FA27BD02BECDB5900BDB1A9;
					};
				};
			};
			buildConfigurationList = 7FA27BCC2BECDB5900BDB1A9 /* Build configuration list for PBXProject "Lookbook" */;
			compatibilityVersion = "Xcode 14.0";
			developmentRegion = en;
			hasScannedForEncodings = 0;
			knownRegions = (
				en,
				Base,
			);
			mainGroup = 7FA27BC82BECDB5900BDB1A9;
			productRefGroup = 7FA27BD22BECDB5900BDB1A9 /* Products */;
			projectDirPath = "";
			projectRoot = "";
			targets = (
				7FA27BD02BECDB5900BDB1A9 /* Lookbook */,
				7FA27BE62BECDB5B00BDB1A9 /* LookbookTests */,
				7FA27BF02BECDB5B00BDB1A9 /* LookbookUITests */,
			);
		};
/* End PBXProject section */

/* Begin PBXResourcesBuildPhase section */
		7FA27BCF2BECDB5900BDB1A9 /* Resources */ = {
			isa = PBXResourcesBuildPhase;
			buildActionMask = 2147483647;
			files = (
				7FA27BE12BECDB5A00BDB1A9 /* LaunchScreen.storyboard in Resources */,
				7FC02EB52BFB063700217CAE /* sample_image.JPG in Resources */,
				7FA27BDE2BECDB5A00BDB1A9 /* Assets.xcassets in Resources */,
			);
			runOnlyForDeploymentPostprocessing = 0;
		};
		7FA27BE52BECDB5B00BDB1A9 /* Resources */ = {
			isa = PBXResourcesBuildPhase;
			buildActionMask = 2147483647;
			files = (
			);
			runOnlyForDeploymentPostprocessing = 0;
		};
		7FA27BEF2BECDB5B00BDB1A9 /* Resources */ = {
			isa = PBXResourcesBuildPhase;
			buildActionMask = 2147483647;
			files = (
			);
			runOnlyForDeploymentPostprocessing = 0;
		};
/* End PBXResourcesBuildPhase section */

/* Begin PBXSourcesBuildPhase section */
		7FA27BCD2BECDB5900BDB1A9 /* Sources */ = {
			isa = PBXSourcesBuildPhase;
			buildActionMask = 2147483647;
			files = (
				7F3B76862C0D6F9C001ECDDB /* PhotosAuthStatus.swift in Sources */,
				7F6A0F262C4CA5270069925C /* HourlyWeather.swift in Sources */,
				7FC7B9DB2C003B0B00558C51 /* CoreLocationService.swift in Sources */,
				7FA27BD92BECDB5900BDB1A9 /* ViewController.swift in Sources */,
				7F6A0F282C4CA5720069925C /* DailyWeather.swift in Sources */,
				7F1844212C16A2A100591A6D /* TodayModel.swift in Sources */,
				7F3510F12C3E5251003612F6 /* PHAsset+Extension.swift in Sources */,
				7F35116F2C42040A003612F6 /* PhotosService+Predicate.swift in Sources */,
				7F01F4E52BFEEFEB009B78BD /* WeatherRepository.swift in Sources */,
				7F6A0F2A2C4CA5B20069925C /* Measurement<UnitTemperature>+Rouded.swift in Sources */,
				7FB673CC2C460145009DFDB8 /* WeatherOutfitView.swift in Sources */,
				7FC02EB22BFAEC1C00217CAE /* TodayRootView.swift in Sources */,
				7FA27BD52BECDB5900BDB1A9 /* AppDelegate.swift in Sources */,
				7FEA55A72C100812008F7B4A /* LocationAuthStatus.swift in Sources */,
				7FB2D7E72BF483EC001BA4FB /* PhotosService.swift in Sources */,
				7FC02EB02BFAE4FB00217CAE /* FetchedImage.swift in Sources */,
				7FEC5A382C23F78F00505636 /* CurrentlyWeather.swift in Sources */,
				7FB2D7E52BF479C0001BA4FB /* OutfitV1.mlmodel in Sources */,
				7F929F362C1D67A0001F48E7 /* WeatherOfLocation.swift in Sources */,
				7FF58FF62BFDAD8700BBFDDE /* FetchedPhotoAssets.swift in Sources */,
				7FB1E10B2C12AC8C004BDB9F /* RequestLocationAuthorizationLocationUseCase.swift in Sources */,
				7FB2D7F02BF6F771001BA4FB /* OutfitImagePredictor.swift in Sources */,
				7F1367232C27B24B00C55FB5 /* LocationInfo.swift in Sources */,
				7FB673C92C44B28C009DFDB8 /* PhotosWorker.swift in Sources */,
				7FB1E1092C129E8D004BDB9F /* LocationRepository.swift in Sources */,
				7FF58FF82BFDAE2600BBFDDE /* AuthorizationStatus.swift in Sources */,
				7F4DCD1F2C2AA3D600343EDA /* Date+Helper.swift in Sources */,
				7FA27BD72BECDB5900BDB1A9 /* SceneDelegate.swift in Sources */,
				7FB673CE2C46AED9009DFDB8 /* OutfitPhoto.swift in Sources */,
				7FF58FF42BFD9C4200BBFDDE /* TodayViewController.swift in Sources */,
				7F3510F32C3E549F003612F6 /* AsyncImage.swift in Sources */,
			);
			runOnlyForDeploymentPostprocessing = 0;
		};
		7FA27BE32BECDB5B00BDB1A9 /* Sources */ = {
			isa = PBXSourcesBuildPhase;
			buildActionMask = 2147483647;
			files = (
				7F3B76822C0D54E1001ECDDB /* PhotosServiceSpy.swift in Sources */,
				7F929F2D2C1C2098001F48E7 /* GetCurrentLocationUseCaseTests.swift in Sources */,
				7FB1E1132C12D7F8004BDB9F /* RequestLocationAuthorizationUseCaseSpy.swift in Sources */,
				7F4948082C06D246004CD52F /* CoreLocationServiceSpy.swift in Sources */,
				7F3B768B2C0D77F8001ECDDB /* PhotosRepositorySpy.swift in Sources */,
				7FCB8E682C195460004AB8AC /* GetLocationAuthorizationUseCaseTests.swift in Sources */,
				7F929F332C1D5362001F48E7 /* WeatherRepositorySpy.swift in Sources */,
				7F929F2F2C1D3324001F48E7 /* GetCurrentLocationUseCaseSpy.swift in Sources */,
				7FB1E1112C12C555004BDB9F /* LocationRepositorySpy.swift in Sources */,
				7F77240B2C0EF31C00C01394 /* PhotosUseCaseSpy.swift in Sources */,
				7FB1E10F2C12C4C6004BDB9F /* RequestLocationAuthorizationUseCaseTests.swift in Sources */,
				7FCB8E6A2C196895004AB8AC /* GetLocationAuthorizationUseCaseSpy.swift in Sources */,
				7FB5C2A62C3252A20061C763 /* PhotosServiceTests.swift in Sources */,
				7F4F8D282C058CAF007B9F74 /* TodayViewControllerTests.swift in Sources */,
				7F3B76802C0D5488001ECDDB /* PhotosRepositoryTests.swift in Sources */,
				7F3B76882C0D7773001ECDDB /* PhotosUseCaseTests.swift in Sources */,
				7FB1E10D2C12B550004BDB9F /* LocationRepositoryTests.swift in Sources */,
				7FA27BEC2BECDB5B00BDB1A9 /* LookbookTests.swift in Sources */,
			);
			runOnlyForDeploymentPostprocessing = 0;
		};
		7FA27BED2BECDB5B00BDB1A9 /* Sources */ = {
			isa = PBXSourcesBuildPhase;
			buildActionMask = 2147483647;
			files = (
				7FA27BF82BECDB5B00BDB1A9 /* LookbookUITestsLaunchTests.swift in Sources */,
				7FA27BF62BECDB5B00BDB1A9 /* LookbookUITests.swift in Sources */,
			);
			runOnlyForDeploymentPostprocessing = 0;
		};
/* End PBXSourcesBuildPhase section */

/* Begin PBXTargetDependency section */
		7FA27BE92BECDB5B00BDB1A9 /* PBXTargetDependency */ = {
			isa = PBXTargetDependency;
			target = 7FA27BD02BECDB5900BDB1A9 /* Lookbook */;
			targetProxy = 7FA27BE82BECDB5B00BDB1A9 /* PBXContainerItemProxy */;
		};
		7FA27BF32BECDB5B00BDB1A9 /* PBXTargetDependency */ = {
			isa = PBXTargetDependency;
			target = 7FA27BD02BECDB5900BDB1A9 /* Lookbook */;
			targetProxy = 7FA27BF22BECDB5B00BDB1A9 /* PBXContainerItemProxy */;
		};
/* End PBXTargetDependency section */

/* Begin PBXVariantGroup section */
		7FA27BDF2BECDB5A00BDB1A9 /* LaunchScreen.storyboard */ = {
			isa = PBXVariantGroup;
			children = (
				7FA27BE02BECDB5A00BDB1A9 /* Base */,
			);
			name = LaunchScreen.storyboard;
			sourceTree = "<group>";
		};
/* End PBXVariantGroup section */

/* Begin XCBuildConfiguration section */
		7FA27BF92BECDB5B00BDB1A9 /* Debug */ = {
			isa = XCBuildConfiguration;
			buildSettings = {
				ALWAYS_SEARCH_USER_PATHS = NO;
				ASSETCATALOG_COMPILER_GENERATE_SWIFT_ASSET_SYMBOL_EXTENSIONS = YES;
				CLANG_ANALYZER_NONNULL = YES;
				CLANG_ANALYZER_NUMBER_OBJECT_CONVERSION = YES_AGGRESSIVE;
				CLANG_CXX_LANGUAGE_STANDARD = "gnu++20";
				CLANG_ENABLE_MODULES = YES;
				CLANG_ENABLE_OBJC_ARC = YES;
				CLANG_ENABLE_OBJC_WEAK = YES;
				CLANG_WARN_BLOCK_CAPTURE_AUTORELEASING = YES;
				CLANG_WARN_BOOL_CONVERSION = YES;
				CLANG_WARN_COMMA = YES;
				CLANG_WARN_CONSTANT_CONVERSION = YES;
				CLANG_WARN_DEPRECATED_OBJC_IMPLEMENTATIONS = YES;
				CLANG_WARN_DIRECT_OBJC_ISA_USAGE = YES_ERROR;
				CLANG_WARN_DOCUMENTATION_COMMENTS = YES;
				CLANG_WARN_EMPTY_BODY = YES;
				CLANG_WARN_ENUM_CONVERSION = YES;
				CLANG_WARN_INFINITE_RECURSION = YES;
				CLANG_WARN_INT_CONVERSION = YES;
				CLANG_WARN_NON_LITERAL_NULL_CONVERSION = YES;
				CLANG_WARN_OBJC_IMPLICIT_RETAIN_SELF = YES;
				CLANG_WARN_OBJC_LITERAL_CONVERSION = YES;
				CLANG_WARN_OBJC_ROOT_CLASS = YES_ERROR;
				CLANG_WARN_QUOTED_INCLUDE_IN_FRAMEWORK_HEADER = YES;
				CLANG_WARN_RANGE_LOOP_ANALYSIS = YES;
				CLANG_WARN_STRICT_PROTOTYPES = YES;
				CLANG_WARN_SUSPICIOUS_MOVE = YES;
				CLANG_WARN_UNGUARDED_AVAILABILITY = YES_AGGRESSIVE;
				CLANG_WARN_UNREACHABLE_CODE = YES;
				CLANG_WARN__DUPLICATE_METHOD_MATCH = YES;
				COPY_PHASE_STRIP = NO;
				DEBUG_INFORMATION_FORMAT = dwarf;
				ENABLE_STRICT_OBJC_MSGSEND = YES;
				ENABLE_TESTABILITY = YES;
				ENABLE_USER_SCRIPT_SANDBOXING = YES;
				GCC_C_LANGUAGE_STANDARD = gnu17;
				GCC_DYNAMIC_NO_PIC = NO;
				GCC_NO_COMMON_BLOCKS = YES;
				GCC_OPTIMIZATION_LEVEL = 0;
				GCC_PREPROCESSOR_DEFINITIONS = (
					"DEBUG=1",
					"$(inherited)",
				);
				GCC_WARN_64_TO_32_BIT_CONVERSION = YES;
				GCC_WARN_ABOUT_RETURN_TYPE = YES_ERROR;
				GCC_WARN_UNDECLARED_SELECTOR = YES;
				GCC_WARN_UNINITIALIZED_AUTOS = YES_AGGRESSIVE;
				GCC_WARN_UNUSED_FUNCTION = YES;
				GCC_WARN_UNUSED_VARIABLE = YES;
				IPHONEOS_DEPLOYMENT_TARGET = 17.2;
				LOCALIZATION_PREFERS_STRING_CATALOGS = YES;
				MTL_ENABLE_DEBUG_INFO = INCLUDE_SOURCE;
				MTL_FAST_MATH = YES;
				ONLY_ACTIVE_ARCH = YES;
				SDKROOT = iphoneos;
				SWIFT_ACTIVE_COMPILATION_CONDITIONS = "DEBUG $(inherited)";
				SWIFT_OPTIMIZATION_LEVEL = "-Onone";
			};
			name = Debug;
		};
		7FA27BFA2BECDB5B00BDB1A9 /* Release */ = {
			isa = XCBuildConfiguration;
			buildSettings = {
				ALWAYS_SEARCH_USER_PATHS = NO;
				ASSETCATALOG_COMPILER_GENERATE_SWIFT_ASSET_SYMBOL_EXTENSIONS = YES;
				CLANG_ANALYZER_NONNULL = YES;
				CLANG_ANALYZER_NUMBER_OBJECT_CONVERSION = YES_AGGRESSIVE;
				CLANG_CXX_LANGUAGE_STANDARD = "gnu++20";
				CLANG_ENABLE_MODULES = YES;
				CLANG_ENABLE_OBJC_ARC = YES;
				CLANG_ENABLE_OBJC_WEAK = YES;
				CLANG_WARN_BLOCK_CAPTURE_AUTORELEASING = YES;
				CLANG_WARN_BOOL_CONVERSION = YES;
				CLANG_WARN_COMMA = YES;
				CLANG_WARN_CONSTANT_CONVERSION = YES;
				CLANG_WARN_DEPRECATED_OBJC_IMPLEMENTATIONS = YES;
				CLANG_WARN_DIRECT_OBJC_ISA_USAGE = YES_ERROR;
				CLANG_WARN_DOCUMENTATION_COMMENTS = YES;
				CLANG_WARN_EMPTY_BODY = YES;
				CLANG_WARN_ENUM_CONVERSION = YES;
				CLANG_WARN_INFINITE_RECURSION = YES;
				CLANG_WARN_INT_CONVERSION = YES;
				CLANG_WARN_NON_LITERAL_NULL_CONVERSION = YES;
				CLANG_WARN_OBJC_IMPLICIT_RETAIN_SELF = YES;
				CLANG_WARN_OBJC_LITERAL_CONVERSION = YES;
				CLANG_WARN_OBJC_ROOT_CLASS = YES_ERROR;
				CLANG_WARN_QUOTED_INCLUDE_IN_FRAMEWORK_HEADER = YES;
				CLANG_WARN_RANGE_LOOP_ANALYSIS = YES;
				CLANG_WARN_STRICT_PROTOTYPES = YES;
				CLANG_WARN_SUSPICIOUS_MOVE = YES;
				CLANG_WARN_UNGUARDED_AVAILABILITY = YES_AGGRESSIVE;
				CLANG_WARN_UNREACHABLE_CODE = YES;
				CLANG_WARN__DUPLICATE_METHOD_MATCH = YES;
				COPY_PHASE_STRIP = NO;
				DEBUG_INFORMATION_FORMAT = "dwarf-with-dsym";
				ENABLE_NS_ASSERTIONS = NO;
				ENABLE_STRICT_OBJC_MSGSEND = YES;
				ENABLE_USER_SCRIPT_SANDBOXING = YES;
				GCC_C_LANGUAGE_STANDARD = gnu17;
				GCC_NO_COMMON_BLOCKS = YES;
				GCC_WARN_64_TO_32_BIT_CONVERSION = YES;
				GCC_WARN_ABOUT_RETURN_TYPE = YES_ERROR;
				GCC_WARN_UNDECLARED_SELECTOR = YES;
				GCC_WARN_UNINITIALIZED_AUTOS = YES_AGGRESSIVE;
				GCC_WARN_UNUSED_FUNCTION = YES;
				GCC_WARN_UNUSED_VARIABLE = YES;
				IPHONEOS_DEPLOYMENT_TARGET = 17.2;
				LOCALIZATION_PREFERS_STRING_CATALOGS = YES;
				MTL_ENABLE_DEBUG_INFO = NO;
				MTL_FAST_MATH = YES;
				SDKROOT = iphoneos;
				SWIFT_COMPILATION_MODE = wholemodule;
				VALIDATE_PRODUCT = YES;
			};
			name = Release;
		};
		7FA27BFC2BECDB5B00BDB1A9 /* Debug */ = {
			isa = XCBuildConfiguration;
			buildSettings = {
				ASSETCATALOG_COMPILER_APPICON_NAME = AppIcon;
				ASSETCATALOG_COMPILER_GLOBAL_ACCENT_COLOR_NAME = AccentColor;
				CODE_SIGN_ENTITLEMENTS = Lookbook/Lookbook.entitlements;
				CODE_SIGN_STYLE = Automatic;
				CURRENT_PROJECT_VERSION = 1;
				DEVELOPMENT_TEAM = 3XVAQ6DRC4;
				GENERATE_INFOPLIST_FILE = YES;
				INFOPLIST_FILE = Lookbook/Info.plist;
				INFOPLIST_KEY_NSLocationWhenInUseUsageDescription = "";
				INFOPLIST_KEY_NSPhotoLibraryUsageDescription = "";
				INFOPLIST_KEY_UIApplicationSupportsIndirectInputEvents = YES;
				INFOPLIST_KEY_UILaunchStoryboardName = LaunchScreen;
				INFOPLIST_KEY_UISupportedInterfaceOrientations_iPad = "UIInterfaceOrientationPortrait UIInterfaceOrientationPortraitUpsideDown UIInterfaceOrientationLandscapeLeft UIInterfaceOrientationLandscapeRight";
				INFOPLIST_KEY_UISupportedInterfaceOrientations_iPhone = "UIInterfaceOrientationPortrait UIInterfaceOrientationLandscapeLeft UIInterfaceOrientationLandscapeRight";
				LD_RUNPATH_SEARCH_PATHS = (
					"$(inherited)",
					"@executable_path/Frameworks",
				);
				MARKETING_VERSION = 1.0;
				PRODUCT_BUNDLE_IDENTIFIER = io.doyoung.Lookbook;
				PRODUCT_NAME = "$(TARGET_NAME)";
				SWIFT_EMIT_LOC_STRINGS = YES;
				SWIFT_VERSION = 5.0;
				TARGETED_DEVICE_FAMILY = "1,2";
			};
			name = Debug;
		};
		7FA27BFD2BECDB5B00BDB1A9 /* Release */ = {
			isa = XCBuildConfiguration;
			buildSettings = {
				ASSETCATALOG_COMPILER_APPICON_NAME = AppIcon;
				ASSETCATALOG_COMPILER_GLOBAL_ACCENT_COLOR_NAME = AccentColor;
				CODE_SIGN_ENTITLEMENTS = Lookbook/Lookbook.entitlements;
				CODE_SIGN_STYLE = Automatic;
				CURRENT_PROJECT_VERSION = 1;
				DEVELOPMENT_TEAM = 3XVAQ6DRC4;
				GENERATE_INFOPLIST_FILE = YES;
				INFOPLIST_FILE = Lookbook/Info.plist;
				INFOPLIST_KEY_NSLocationWhenInUseUsageDescription = "";
				INFOPLIST_KEY_NSPhotoLibraryUsageDescription = "";
				INFOPLIST_KEY_UIApplicationSupportsIndirectInputEvents = YES;
				INFOPLIST_KEY_UILaunchStoryboardName = LaunchScreen;
				INFOPLIST_KEY_UISupportedInterfaceOrientations_iPad = "UIInterfaceOrientationPortrait UIInterfaceOrientationPortraitUpsideDown UIInterfaceOrientationLandscapeLeft UIInterfaceOrientationLandscapeRight";
				INFOPLIST_KEY_UISupportedInterfaceOrientations_iPhone = "UIInterfaceOrientationPortrait UIInterfaceOrientationLandscapeLeft UIInterfaceOrientationLandscapeRight";
				LD_RUNPATH_SEARCH_PATHS = (
					"$(inherited)",
					"@executable_path/Frameworks",
				);
				MARKETING_VERSION = 1.0;
				PRODUCT_BUNDLE_IDENTIFIER = io.doyoung.Lookbook;
				PRODUCT_NAME = "$(TARGET_NAME)";
				SWIFT_EMIT_LOC_STRINGS = YES;
				SWIFT_VERSION = 5.0;
				TARGETED_DEVICE_FAMILY = "1,2";
			};
			name = Release;
		};
		7FA27BFF2BECDB5B00BDB1A9 /* Debug */ = {
			isa = XCBuildConfiguration;
			buildSettings = {
				ALWAYS_EMBED_SWIFT_STANDARD_LIBRARIES = YES;
				BUNDLE_LOADER = "$(TEST_HOST)";
				CODE_SIGN_STYLE = Automatic;
				CURRENT_PROJECT_VERSION = 1;
				DEVELOPMENT_TEAM = 3XVAQ6DRC4;
				GENERATE_INFOPLIST_FILE = YES;
				IPHONEOS_DEPLOYMENT_TARGET = 17.2;
				MARKETING_VERSION = 1.0;
				PRODUCT_BUNDLE_IDENTIFIER = io.doyoung.LookbookTests;
				PRODUCT_NAME = "$(TARGET_NAME)";
				SWIFT_EMIT_LOC_STRINGS = NO;
				SWIFT_VERSION = 5.0;
				TARGETED_DEVICE_FAMILY = "1,2";
				TEST_HOST = "$(BUILT_PRODUCTS_DIR)/Lookbook.app/$(BUNDLE_EXECUTABLE_FOLDER_PATH)/Lookbook";
			};
			name = Debug;
		};
		7FA27C002BECDB5B00BDB1A9 /* Release */ = {
			isa = XCBuildConfiguration;
			buildSettings = {
				ALWAYS_EMBED_SWIFT_STANDARD_LIBRARIES = YES;
				BUNDLE_LOADER = "$(TEST_HOST)";
				CODE_SIGN_STYLE = Automatic;
				CURRENT_PROJECT_VERSION = 1;
				DEVELOPMENT_TEAM = 3XVAQ6DRC4;
				GENERATE_INFOPLIST_FILE = YES;
				IPHONEOS_DEPLOYMENT_TARGET = 17.2;
				MARKETING_VERSION = 1.0;
				PRODUCT_BUNDLE_IDENTIFIER = io.doyoung.LookbookTests;
				PRODUCT_NAME = "$(TARGET_NAME)";
				SWIFT_EMIT_LOC_STRINGS = NO;
				SWIFT_VERSION = 5.0;
				TARGETED_DEVICE_FAMILY = "1,2";
				TEST_HOST = "$(BUILT_PRODUCTS_DIR)/Lookbook.app/$(BUNDLE_EXECUTABLE_FOLDER_PATH)/Lookbook";
			};
			name = Release;
		};
		7FA27C022BECDB5B00BDB1A9 /* Debug */ = {
			isa = XCBuildConfiguration;
			buildSettings = {
				ALWAYS_EMBED_SWIFT_STANDARD_LIBRARIES = YES;
				CODE_SIGN_STYLE = Automatic;
				CURRENT_PROJECT_VERSION = 1;
				DEVELOPMENT_TEAM = 3XVAQ6DRC4;
				GENERATE_INFOPLIST_FILE = YES;
				MARKETING_VERSION = 1.0;
				PRODUCT_BUNDLE_IDENTIFIER = io.doyoung.LookbookUITests;
				PRODUCT_NAME = "$(TARGET_NAME)";
				SWIFT_EMIT_LOC_STRINGS = NO;
				SWIFT_VERSION = 5.0;
				TARGETED_DEVICE_FAMILY = "1,2";
				TEST_TARGET_NAME = Lookbook;
			};
			name = Debug;
		};
		7FA27C032BECDB5B00BDB1A9 /* Release */ = {
			isa = XCBuildConfiguration;
			buildSettings = {
				ALWAYS_EMBED_SWIFT_STANDARD_LIBRARIES = YES;
				CODE_SIGN_STYLE = Automatic;
				CURRENT_PROJECT_VERSION = 1;
				DEVELOPMENT_TEAM = 3XVAQ6DRC4;
				GENERATE_INFOPLIST_FILE = YES;
				MARKETING_VERSION = 1.0;
				PRODUCT_BUNDLE_IDENTIFIER = io.doyoung.LookbookUITests;
				PRODUCT_NAME = "$(TARGET_NAME)";
				SWIFT_EMIT_LOC_STRINGS = NO;
				SWIFT_VERSION = 5.0;
				TARGETED_DEVICE_FAMILY = "1,2";
				TEST_TARGET_NAME = Lookbook;
			};
			name = Release;
		};
/* End XCBuildConfiguration section */

/* Begin XCConfigurationList section */
		7FA27BCC2BECDB5900BDB1A9 /* Build configuration list for PBXProject "Lookbook" */ = {
			isa = XCConfigurationList;
			buildConfigurations = (
				7FA27BF92BECDB5B00BDB1A9 /* Debug */,
				7FA27BFA2BECDB5B00BDB1A9 /* Release */,
			);
			defaultConfigurationIsVisible = 0;
			defaultConfigurationName = Release;
		};
		7FA27BFB2BECDB5B00BDB1A9 /* Build configuration list for PBXNativeTarget "Lookbook" */ = {
			isa = XCConfigurationList;
			buildConfigurations = (
				7FA27BFC2BECDB5B00BDB1A9 /* Debug */,
				7FA27BFD2BECDB5B00BDB1A9 /* Release */,
			);
			defaultConfigurationIsVisible = 0;
			defaultConfigurationName = Release;
		};
		7FA27BFE2BECDB5B00BDB1A9 /* Build configuration list for PBXNativeTarget "LookbookTests" */ = {
			isa = XCConfigurationList;
			buildConfigurations = (
				7FA27BFF2BECDB5B00BDB1A9 /* Debug */,
				7FA27C002BECDB5B00BDB1A9 /* Release */,
			);
			defaultConfigurationIsVisible = 0;
			defaultConfigurationName = Release;
		};
		7FA27C012BECDB5B00BDB1A9 /* Build configuration list for PBXNativeTarget "LookbookUITests" */ = {
			isa = XCConfigurationList;
			buildConfigurations = (
				7FA27C022BECDB5B00BDB1A9 /* Debug */,
				7FA27C032BECDB5B00BDB1A9 /* Release */,
			);
			defaultConfigurationIsVisible = 0;
			defaultConfigurationName = Release;
		};
/* End XCConfigurationList section */
	};
	rootObject = 7FA27BC92BECDB5900BDB1A9 /* Project object */;
}
